// !$*UTF8*$!
{
	archiveVersion = 1;
	classes = {
	};
	objectVersion = 38;
	objects = {
		4B99B7E704ED24C800A8E303 = {
			children = (
				4B99B81004ED2EC200A8E303,
				4BD870B904ED420B00A8E303,
				4BD870BB04ED421600A8E303,
				4BD870BD04ED423000A8E303,
				4B99B82A04ED386700A8E303,
				4B99B7F704ED255400A8E303,
				4B99B8A204ED3D9400A8E303,
				4B99B82E04ED388E00A8E303,
				4B99B7F204ED24D600A8E303,
			);
			isa = PBXGroup;
			refType = 4;
		};
		4B99B7E904ED24C800A8E303 = {
			buildRules = (
			);
			buildSettings = {
				COPY_PHASE_STRIP = NO;
				OPTIMIZATION_CFLAGS = "-O0";
			};
			isa = PBXBuildStyle;
			name = Development;
		};
		4B99B7EA04ED24C800A8E303 = {
			buildRules = (
			);
			buildSettings = {
				COPY_PHASE_STRIP = YES;
			};
			isa = PBXBuildStyle;
			name = Deployment;
		};
		4B99B7EB04ED24C800A8E303 = {
			buildStyles = (
				4B99B7E904ED24C800A8E303,
				4B99B7EA04ED24C800A8E303,
			);
			hasScannedForEncodings = 1;
			isa = PBXProject;
			mainGroup = 4B99B7E704ED24C800A8E303;
			productRefGroup = 4B99B7F204ED24D600A8E303;
			projectDirPath = "";
			targets = (
				4B99B81804ED2F4200A8E303,
				4B99B7F004ED24D600A8E303,
				4B99B82104ED334C00A8E303,
			);
		};
		4B99B7EC04ED24D600A8E303 = {
			buildActionMask = 2147483647;
			files = (
				4B99B7FE04ED258C00A8E303,
				4BD870BF04ED423000A8E303,
			);
			isa = PBXHeadersBuildPhase;
			runOnlyForDeploymentPostprocessing = 0;
		};
		4B99B7ED04ED24D600A8E303 = {
			buildActionMask = 2147483647;
			files = (
				4B99B7FC04ED258C00A8E303,
				4B99B7FD04ED258C00A8E303,
				4B99B7FF04ED258C00A8E303,
			);
			isa = PBXSourcesBuildPhase;
			runOnlyForDeploymentPostprocessing = 0;
		};
		4B99B7EE04ED24D600A8E303 = {
			buildActionMask = 2147483647;
			files = (
			);
			isa = PBXFrameworksBuildPhase;
			runOnlyForDeploymentPostprocessing = 0;
		};
		4B99B7EF04ED24D600A8E303 = {
			buildActionMask = 2147483647;
			files = (
			);
			isa = PBXRezBuildPhase;
			runOnlyForDeploymentPostprocessing = 0;
		};
		4B99B7F004ED24D600A8E303 = {
			buildPhases = (
				4B99B7EC04ED24D600A8E303,
				4B99B7ED04ED24D600A8E303,
				4B99B7EE04ED24D600A8E303,
				4B99B7EF04ED24D600A8E303,
			);
			buildSettings = {
				OTHER_CFLAGS = "-I\"ProjectBuilder\"/etc";
				OTHER_LDFLAGS = "";
				OTHER_REZFLAGS = "";
				PRODUCT_NAME = builder;
				REZ_EXECUTABLE = YES;
				SECTORDER_FLAGS = "";
				WARNING_CFLAGS = "-Wmost -Wno-four-char-constants -Wno-unknown-pragmas";
			};
			dependencies = (
			);
			isa = PBXToolTarget;
			name = Builder;
			productInstallPath = /usr/local/bin;
			productName = Builder;
			productReference = 4B99B7F104ED24D600A8E303;
		};
		4B99B7F104ED24D600A8E303 = {
			isa = PBXExecutableFileReference;
			path = builder;
			refType = 3;
		};
		4B99B7F204ED24D600A8E303 = {
			children = (
				4B99B7F104ED24D600A8E303,
				4B99B82404ED370B00A8E303,
				4B99B82504ED370B00A8E303,
				4B99B82604ED370B00A8E303,
				4B99B82704ED370B00A8E303,
				4B99B82804ED370B00A8E303,
				4B99B82904ED385500A8E303,
				4B99B81904ED2F4200A8E303,
			);
			isa = PBXGroup;
			name = Products;
			refType = 4;
		};
		4B99B7F704ED255400A8E303 = {
			children = (
				4B99B7F804ED258C00A8E303,
				4B99B7F904ED258C00A8E303,
				4B99B7FA04ED258C00A8E303,
				4B99B7FB04ED258C00A8E303,
			);
			isa = PBXGroup;
			name = Builder;
			refType = 4;
		};
		4B99B7F804ED258C00A8E303 = {
			fileEncoding = 30;
			isa = PBXFileReference;
			name = main.c;
			path = builder/main.c;
			refType = 2;
		};
		4B99B7F904ED258C00A8E303 = {
			fileEncoding = 30;
			isa = PBXFileReference;
			name = lex.l;
			path = builder/lex.l;
			refType = 2;
		};
		4B99B7FA04ED258C00A8E303 = {
			fileEncoding = 30;
			isa = PBXFileReference;
			name = operation.h;
			path = builder/operation.h;
			refType = 2;
		};
		4B99B7FB04ED258C00A8E303 = {
			fileEncoding = 30;
			isa = PBXFileReference;
			name = gram.y;
			path = builder/gram.y;
			refType = 2;
		};
		4B99B7FC04ED258C00A8E303 = {
			fileRef = 4B99B7F804ED258C00A8E303;
			isa = PBXBuildFile;
			settings = {
			};
		};
		4B99B7FD04ED258C00A8E303 = {
			fileRef = 4B99B7F904ED258C00A8E303;
			isa = PBXBuildFile;
			settings = {
			};
		};
		4B99B7FE04ED258C00A8E303 = {
			fileRef = 4B99B7FA04ED258C00A8E303;
			isa = PBXBuildFile;
			settings = {
			};
		};
		4B99B7FF04ED258C00A8E303 = {
			fileRef = 4B99B7FB04ED258C00A8E303;
			isa = PBXBuildFile;
			settings = {
			};
		};
		4B99B81004ED2EC200A8E303 = {
			fileEncoding = 30;
			isa = PBXFileReference;
			name = zcode.ops;
			path = src/zcode.ops;
			refType = 2;
		};
		4B99B81304ED2F4200A8E303 = {
			buildActionMask = 2147483647;
			files = (
				4B99B84004ED392500A8E303,
				4B99B84104ED392500A8E303,
				4B99B84204ED392500A8E303,
				4B99B84604ED392500A8E303,
				4B99B84804ED392500A8E303,
				4B99B84904ED392500A8E303,
				4B99B84D04ED392500A8E303,
				4B99B84F04ED392500A8E303,
				4B99B86504ED399700A8E303,
				4B99B86604ED399700A8E303,
				4B99B86A04ED399700A8E303,
				4B99B86B04ED399700A8E303,
				4B99B86E04ED399700A8E303,
				4B99B86F04ED399700A8E303,
				4B99B87204ED399700A8E303,
				4B99B87304ED399700A8E303,
				4B99B87404ED399C00A8E303,
				4B99B87504ED399D00A8E303,
				4B99B87604ED399D00A8E303,
				4B99B87704ED399E00A8E303,
				4B99B87804ED399E00A8E303,
				4B99B87904ED399F00A8E303,
				4B99B88B04ED3A1A00A8E303,
				4B99B88E04ED3A1A00A8E303,
				4B99B88F04ED3A1A00A8E303,
				4B99B89104ED3A1A00A8E303,
				4B99B8AA04ED3EAF00A8E303,
				4BD870BC04ED421600A8E303,
				4BD870BE04ED423000A8E303,
			);
			isa = PBXHeadersBuildPhase;
			runOnlyForDeploymentPostprocessing = 0;
		};
		4B99B81404ED2F4200A8E303 = {
			buildActionMask = 2147483647;
			files = (
				4B99B89704ED3B0100A8E303,
				4B99B89B04ED3B1200A8E303,
				4B99B89C04ED3B1200A8E303,
				4B99B89D04ED3B1200A8E303,
				4B99B89F04ED3B2100A8E303,
				4BD870BA04ED420B00A8E303,
			);
			isa = PBXResourcesBuildPhase;
			runOnlyForDeploymentPostprocessing = 0;
		};
		4B99B81504ED2F4200A8E303 = {
			buildActionMask = 2147483647;
			files = (
				4B99B84304ED392500A8E303,
				4B99B84404ED392500A8E303,
				4B99B84504ED392500A8E303,
				4B99B84704ED392500A8E303,
				4B99B84A04ED392500A8E303,
				4B99B84B04ED392500A8E303,
				4B99B84C04ED392500A8E303,
				4B99B84E04ED392500A8E303,
				4B99B86204ED399700A8E303,
				4B99B86304ED399700A8E303,
				4B99B86404ED399700A8E303,
				4B99B86704ED399700A8E303,
				4B99B86804ED399700A8E303,
				4B99B86904ED399700A8E303,
				4B99B86C04ED399700A8E303,
				4B99B86D04ED399700A8E303,
				4B99B87004ED399700A8E303,
				4B99B87104ED399700A8E303,
				4B99B88604ED3A1A00A8E303,
				4B99B88704ED3A1A00A8E303,
				4B99B88804ED3A1A00A8E303,
				4B99B88904ED3A1A00A8E303,
				4B99B88A04ED3A1A00A8E303,
				4B99B88C04ED3A1A00A8E303,
				4B99B88D04ED3A1A00A8E303,
				4B99B89004ED3A1A00A8E303,
				4B99B89404ED3A3400A8E303,
				4B99B89504ED3A3400A8E303,
				4B99B8A904ED3EAF00A8E303,
			);
			isa = PBXSourcesBuildPhase;
			runOnlyForDeploymentPostprocessing = 0;
		};
		4B99B81604ED2F4200A8E303 = {
			buildActionMask = 2147483647;
			files = (
				4B99B8A104ED3D9100A8E303,
			);
			isa = PBXFrameworksBuildPhase;
			runOnlyForDeploymentPostprocessing = 0;
		};
		4B99B81704ED2F4200A8E303 = {
			buildActionMask = 2147483647;
			files = (
			);
			isa = PBXRezBuildPhase;
			runOnlyForDeploymentPostprocessing = 0;
		};
		4B99B81804ED2F4200A8E303 = {
			buildPhases = (
				4B99B81304ED2F4200A8E303,
				4B99B81404ED2F4200A8E303,
				4B99B81504ED2F4200A8E303,
				4B99B81604ED2F4200A8E303,
				4B99B81704ED2F4200A8E303,
			);
			buildSettings = {
				OPTIMIZATION_CFLAGS = "-O3";
				OTHER_CFLAGS = "-I\"ProjectBuilder/etc\" -Ibuild";
				OTHER_LDFLAGS = "-lz -lpng";
				OTHER_REZFLAGS = "";
				PRODUCT_NAME = Zoom;
				SECTORDER_FLAGS = "";
				WARNING_CFLAGS = "-Wmost -Wno-four-char-constants -Wno-unknown-pragmas";
				WRAPPER_EXTENSION = app;
			};
			dependencies = (
				4B99B82304ED33CC00A8E303,
				4B99B81B04ED2F4700A8E303,
			);
			isa = PBXApplicationTarget;
			name = Zoom;
			productInstallPath = "$(USER_APPS_DIR)";
			productName = Zoom;
			productReference = 4B99B81904ED2F4200A8E303;
			productSettingsXML = "<?xml version=\"1.0\" encoding=\"UTF-8\"?>
<!DOCTYPE plist PUBLIC \"-//Apple Computer//DTD PLIST 1.0//EN\" \"http://www.apple.com/DTDs/PropertyList-1.0.dtd\">
<plist version=\"1.0\">
<dict>
	<key>CFBundleDevelopmentRegion</key>
	<string>English</string>
	<key>CFBundleExecutable</key>
	<string>Zoom</string>
	<key>CFBundleGetInfoString</key>
	<string>Zoom</string>
	<key>CFBundleIconFile</key>
	<string>zoom-app.icns</string>
	<key>CFBundleIdentifier</key>
	<string>uk.org.logicalshift.zoom</string>
	<key>CFBundleInfoDictionaryVersion</key>
	<string>6.0</string>
	<key>CFBundleName</key>
	<string>Zoom</string>
	<key>CFBundlePackageType</key>
	<string>APPL</string>
	<key>CFBundleShortVersionString</key>
	<string>Zoom</string>
	<key>CFBundleSignature</key>
	<string>YZZY</string>
	<key>CFBundleVersion</key>
	<string>1.0.2dev1</string>
</dict>
</plist>
";
		};
		4B99B81904ED2F4200A8E303 = {
			isa = PBXApplicationReference;
			path = Zoom.app;
			refType = 3;
		};
		4B99B81B04ED2F4700A8E303 = {
			isa = PBXTargetDependency;
			target = 4B99B7F004ED24D600A8E303;
		};
		4B99B82104ED334C00A8E303 = {
			buildArgumentsString = "\"ProjectBuilder/build_files.sh\" $ACTION";
			buildPhases = (
			);
			buildSettings = {
				OTHER_CFLAGS = "";
				OTHER_LDFLAGS = "";
				OTHER_REZFLAGS = "";
				PRODUCT_NAME = Interpreter;
				SECTORDER_FLAGS = "";
				WARNING_CFLAGS = "-Wmost -Wno-four-char-constants -Wno-unknown-pragmas";
			};
			buildToolPath = /bin/bash;
			dependencies = (
				4B99B82204ED33CA00A8E303,
			);
			isa = PBXLegacyTarget;
			name = Interpreter;
			passBuildSettingsInEnvironment = 1;
			productName = Interpreter;
			settingsToExpand = 6;
			settingsToPassInEnvironment = 287;
			settingsToPassOnCommandLine = 280;
		};
		4B99B82204ED33CA00A8E303 = {
			isa = PBXTargetDependency;
			target = 4B99B7F004ED24D600A8E303;
		};
		4B99B82304ED33CC00A8E303 = {
			isa = PBXTargetDependency;
			target = 4B99B82104ED334C00A8E303;
		};
		4B99B82404ED370B00A8E303 = {
			fileEncoding = 30;
			isa = PBXFileReference;
			name = interp_gen.h;
			path = build/interp_gen.h;
			refType = 2;
		};
		4B99B82504ED370B00A8E303 = {
			fileEncoding = 30;
			isa = PBXFileReference;
			name = interp_z4.h;
			path = build/interp_z4.h;
			refType = 2;
		};
		4B99B82604ED370B00A8E303 = {
			fileEncoding = 30;
			isa = PBXFileReference;
			name = interp_z6.h;
			path = build/interp_z6.h;
			refType = 2;
		};
		4B99B82704ED370B00A8E303 = {
			fileEncoding = 30;
			isa = PBXFileReference;
			name = interp_z3.h;
			path = build/interp_z3.h;
			refType = 2;
		};
		4B99B82804ED370B00A8E303 = {
			fileEncoding = 30;
			isa = PBXFileReference;
			name = interp_z5.h;
			path = build/interp_z5.h;
			refType = 2;
		};
		4B99B82904ED385500A8E303 = {
			fileEncoding = 30;
			isa = PBXFileReference;
			name = varop.h;
			path = build/varop.h;
			refType = 2;
		};
		4B99B82A04ED386700A8E303 = {
			children = (
				4B99B82F04ED38CC00A8E303,
				4B99B82C04ED387600A8E303,
				4B99B82D04ED388000A8E303,
				4B99B82B04ED386F00A8E303,
			);
			isa = PBXGroup;
			name = Zoom;
			refType = 4;
		};
		4B99B82B04ED386F00A8E303 = {
			children = (
			);
			isa = PBXGroup;
			name = Headers;
			refType = 4;
		};
		4B99B82C04ED387600A8E303 = {
			children = (
				4B99B83404ED392500A8E303,
				4B99B83904ED392500A8E303,
				4B99B85A04ED399700A8E303,
				4B99B83C04ED392500A8E303,
				4B99B83104ED392500A8E303,
				4B99B83A04ED392500A8E303,
				4B99B83804ED392500A8E303,
				4B99B83704ED392500A8E303,
				4B99B83004ED392500A8E303,
				4B99B83504ED392500A8E303,
				4B99B83604ED392500A8E303,
				4B99B83E04ED392500A8E303,
				4B99B83D04ED392500A8E303,
				4B99B83B04ED392500A8E303,
				4B99B83F04ED392500A8E303,
				4B99B83304ED392500A8E303,
				4B99B83204ED392500A8E303,
			);
			isa = PBXGroup;
			name = Interpreter;
			refType = 4;
		};
		4B99B82D04ED388000A8E303 = {
			children = (
				4B99B88104ED3A1A00A8E303,
				4B99B87F04ED3A1A00A8E303,
				4B99B87A04ED3A1A00A8E303,
				4B99B87E04ED3A1A00A8E303,
				4B99B87C04ED3A1A00A8E303,
				4B99B88404ED3A1A00A8E303,
				4B99B88504ED3A1A00A8E303,
				4B99B8A704ED3EAF00A8E303,
				4B99B8A804ED3EAF00A8E303,
				4B99B88304ED3A1A00A8E303,
				4B99B88004ED3A1A00A8E303,
				4B99B87B04ED3A1A00A8E303,
				4B99B87D04ED3A1A00A8E303,
				4B99B88204ED3A1A00A8E303,
			);
			isa = PBXGroup;
			name = Display;
			path = "";
			refType = 4;
		};
		4B99B82E04ED388E00A8E303 = {
			children = (
				4B99B89604ED3B0100A8E303,
				4B99B89804ED3B1200A8E303,
				4B99B89904ED3B1200A8E303,
				4B99B89A04ED3B1200A8E303,
				4B99B89E04ED3B2100A8E303,
			);
			isa = PBXGroup;
			name = Resources;
			path = "";
			refType = 4;
		};
		4B99B82F04ED38CC00A8E303 = {
			children = (
				4B99B85704ED399700A8E303,
				4B99B85304ED399700A8E303,
				4B99B85004ED399700A8E303,
				4B99B86004ED399700A8E303,
				4B99B85B04ED399700A8E303,
				4B99B86104ED399700A8E303,
				4B99B85F04ED399700A8E303,
				4B99B85404ED399700A8E303,
				4B99B85204ED399700A8E303,
				4B99B85604ED399700A8E303,
				4B99B85104ED399700A8E303,
				4B99B85904ED399700A8E303,
				4B99B85E04ED399700A8E303,
				4B99B85D04ED399700A8E303,
				4B99B89204ED3A3400A8E303,
				4B99B89304ED3A3400A8E303,
				4B99B85504ED399700A8E303,
				4B99B85C04ED399700A8E303,
				4B99B85804ED399700A8E303,
			);
			isa = PBXGroup;
			name = Support;
			path = "";
			refType = 4;
		};
		4B99B83004ED392500A8E303 = {
			fileEncoding = 30;
			isa = PBXFileReference;
			name = state.h;
			path = src/state.h;
			refType = 2;
		};
		4B99B83104ED392500A8E303 = {
			fileEncoding = 30;
			isa = PBXFileReference;
			name = interp.h;
			path = src/interp.h;
			refType = 2;
		};
		4B99B83204ED392500A8E303 = {
			fileEncoding = 30;
			isa = PBXFileReference;
			name = zscii.h;
			path = src/zscii.h;
			refType = 2;
		};
		4B99B83304ED392500A8E303 = {
			fileEncoding = 30;
			isa = PBXFileReference;
			name = zscii.c;
			path = src/zscii.c;
			refType = 2;
		};
		4B99B83404ED392500A8E303 = {
			fileEncoding = 30;
			isa = PBXFileReference;
			name = debug.c;
			path = src/debug.c;
			refType = 2;
		};
		4B99B83504ED392500A8E303 = {
			fileEncoding = 30;
			isa = PBXFileReference;
			name = stream.c;
			path = src/stream.c;
			refType = 2;
		};
		4B99B83604ED392500A8E303 = {
			fileEncoding = 30;
			isa = PBXFileReference;
			name = stream.h;
			path = src/stream.h;
			refType = 2;
		};
		4B99B83704ED392500A8E303 = {
			fileEncoding = 30;
			isa = PBXFileReference;
			name = state.c;
			path = src/state.c;
			refType = 2;
		};
		4B99B83804ED392500A8E303 = {
			fileEncoding = 30;
			isa = PBXFileReference;
			name = random.h;
			path = src/random.h;
			refType = 2;
		};
		4B99B83904ED392500A8E303 = {
			fileEncoding = 30;
			isa = PBXFileReference;
			name = debug.h;
			path = src/debug.h;
			refType = 2;
		};
		4B99B83A04ED392500A8E303 = {
			fileEncoding = 30;
			isa = PBXFileReference;
			name = random.c;
			path = src/random.c;
			refType = 2;
		};
		4B99B83B04ED392500A8E303 = {
			fileEncoding = 30;
			isa = PBXFileReference;
			name = zmachine.c;
			path = src/zmachine.c;
			refType = 2;
		};
		4B99B83C04ED392500A8E303 = {
			fileEncoding = 30;
			isa = PBXFileReference;
			name = interp.c;
			path = src/interp.c;
			refType = 2;
		};
		4B99B83D04ED392500A8E303 = {
			fileEncoding = 30;
			isa = PBXFileReference;
			name = tokenise.h;
			path = src/tokenise.h;
			refType = 2;
		};
		4B99B83E04ED392500A8E303 = {
			fileEncoding = 30;
			isa = PBXFileReference;
			name = tokenise.c;
			path = src/tokenise.c;
			refType = 2;
		};
		4B99B83F04ED392500A8E303 = {
			fileEncoding = 30;
			isa = PBXFileReference;
			name = zmachine.h;
			path = src/zmachine.h;
			refType = 2;
		};
		4B99B84004ED392500A8E303 = {
			fileRef = 4B99B83004ED392500A8E303;
			isa = PBXBuildFile;
			settings = {
			};
		};
		4B99B84104ED392500A8E303 = {
			fileRef = 4B99B83104ED392500A8E303;
			isa = PBXBuildFile;
			settings = {
			};
		};
		4B99B84204ED392500A8E303 = {
			fileRef = 4B99B83204ED392500A8E303;
			isa = PBXBuildFile;
			settings = {
			};
		};
		4B99B84304ED392500A8E303 = {
			fileRef = 4B99B83304ED392500A8E303;
			isa = PBXBuildFile;
			settings = {
			};
		};
		4B99B84404ED392500A8E303 = {
			fileRef = 4B99B83404ED392500A8E303;
			isa = PBXBuildFile;
			settings = {
			};
		};
		4B99B84504ED392500A8E303 = {
			fileRef = 4B99B83504ED392500A8E303;
			isa = PBXBuildFile;
			settings = {
			};
		};
		4B99B84604ED392500A8E303 = {
			fileRef = 4B99B83604ED392500A8E303;
			isa = PBXBuildFile;
			settings = {
			};
		};
		4B99B84704ED392500A8E303 = {
			fileRef = 4B99B83704ED392500A8E303;
			isa = PBXBuildFile;
			settings = {
			};
		};
		4B99B84804ED392500A8E303 = {
			fileRef = 4B99B83804ED392500A8E303;
			isa = PBXBuildFile;
			settings = {
			};
		};
		4B99B84904ED392500A8E303 = {
			fileRef = 4B99B83904ED392500A8E303;
			isa = PBXBuildFile;
			settings = {
			};
		};
		4B99B84A04ED392500A8E303 = {
			fileRef = 4B99B83A04ED392500A8E303;
			isa = PBXBuildFile;
			settings = {
			};
		};
		4B99B84B04ED392500A8E303 = {
			fileRef = 4B99B83B04ED392500A8E303;
			isa = PBXBuildFile;
			settings = {
			};
		};
		4B99B84C04ED392500A8E303 = {
			fileRef = 4B99B83C04ED392500A8E303;
			isa = PBXBuildFile;
			settings = {
			};
		};
		4B99B84D04ED392500A8E303 = {
			fileRef = 4B99B83D04ED392500A8E303;
			isa = PBXBuildFile;
			settings = {
			};
		};
		4B99B84E04ED392500A8E303 = {
			fileRef = 4B99B83E04ED392500A8E303;
			isa = PBXBuildFile;
			settings = {
			};
		};
		4B99B84F04ED392500A8E303 = {
			fileRef = 4B99B83F04ED392500A8E303;
			isa = PBXBuildFile;
			settings = {
			};
		};
		4B99B85004ED399700A8E303 = {
			fileEncoding = 30;
			isa = PBXFileReference;
			name = file.c;
			path = src/file.c;
			refType = 2;
		};
		4B99B85104ED399700A8E303 = {
			fileEncoding = 30;
			isa = PBXFileReference;
			name = menu.c;
			path = src/menu.c;
			refType = 2;
		};
		4B99B85204ED399700A8E303 = {
			fileEncoding = 30;
			isa = PBXFileReference;
			name = iff.c;
			path = src/iff.c;
			refType = 2;
		};
		4B99B85304ED399700A8E303 = {
			fileEncoding = 30;
			isa = PBXFileReference;
			name = blorb.h;
			path = src/blorb.h;
			refType = 2;
		};
		4B99B85404ED399700A8E303 = {
			fileEncoding = 30;
			isa = PBXFileReference;
			name = hash.h;
			path = src/hash.h;
			refType = 2;
		};
		4B99B85504ED399700A8E303 = {
			fileEncoding = 30;
			isa = PBXFileReference;
			name = rc.c;
			path = src/rc.c;
			refType = 2;
		};
		4B99B85604ED399700A8E303 = {
			fileEncoding = 30;
			isa = PBXFileReference;
			name = main.c;
			path = src/main.c;
			refType = 2;
		};
		4B99B85704ED399700A8E303 = {
			fileEncoding = 30;
			isa = PBXFileReference;
			name = blorb.c;
			path = src/blorb.c;
			refType = 2;
		};
		4B99B85804ED399700A8E303 = {
			fileEncoding = 30;
			isa = PBXFileReference;
			name = rcp.h;
			path = src/rcp.h;
			refType = 2;
		};
		4B99B85904ED399700A8E303 = {
			fileEncoding = 30;
			isa = PBXFileReference;
			name = menu.h;
			path = src/menu.h;
			refType = 2;
		};
		4B99B85A04ED399700A8E303 = {
			fileEncoding = 30;
			isa = PBXFileReference;
			name = eval.y;
			path = src/eval.y;
			refType = 2;
		};
		4B99B85B04ED399700A8E303 = {
			fileEncoding = 30;
			isa = PBXFileReference;
			name = font3.c;
			path = src/font3.c;
			refType = 2;
		};
		4B99B85C04ED399700A8E303 = {
			fileEncoding = 30;
			isa = PBXFileReference;
			name = rc.h;
			path = src/rc.h;
			refType = 2;
		};
		4B99B85D04ED399700A8E303 = {
			fileEncoding = 30;
			isa = PBXFileReference;
			name = options.h;
			path = src/options.h;
			refType = 2;
		};
		4B99B85E04ED399700A8E303 = {
			fileEncoding = 30;
			isa = PBXFileReference;
			name = options.c;
			path = src/options.c;
			refType = 2;
		};
		4B99B85F04ED399700A8E303 = {
			fileEncoding = 30;
			isa = PBXFileReference;
			name = hash.c;
			path = src/hash.c;
			refType = 2;
		};
		4B99B86004ED399700A8E303 = {
			fileEncoding = 30;
			isa = PBXFileReference;
			name = file.h;
			path = src/file.h;
			refType = 2;
		};
		4B99B86104ED399700A8E303 = {
			fileEncoding = 30;
			isa = PBXFileReference;
			name = font3.h;
			path = src/font3.h;
			refType = 2;
		};
		4B99B86204ED399700A8E303 = {
			fileRef = 4B99B85004ED399700A8E303;
			isa = PBXBuildFile;
			settings = {
			};
		};
		4B99B86304ED399700A8E303 = {
			fileRef = 4B99B85104ED399700A8E303;
			isa = PBXBuildFile;
			settings = {
			};
		};
		4B99B86404ED399700A8E303 = {
			fileRef = 4B99B85204ED399700A8E303;
			isa = PBXBuildFile;
			settings = {
			};
		};
		4B99B86504ED399700A8E303 = {
			fileRef = 4B99B85304ED399700A8E303;
			isa = PBXBuildFile;
			settings = {
			};
		};
		4B99B86604ED399700A8E303 = {
			fileRef = 4B99B85404ED399700A8E303;
			isa = PBXBuildFile;
			settings = {
			};
		};
		4B99B86704ED399700A8E303 = {
			fileRef = 4B99B85504ED399700A8E303;
			isa = PBXBuildFile;
			settings = {
			};
		};
		4B99B86804ED399700A8E303 = {
			fileRef = 4B99B85604ED399700A8E303;
			isa = PBXBuildFile;
			settings = {
			};
		};
		4B99B86904ED399700A8E303 = {
			fileRef = 4B99B85704ED399700A8E303;
			isa = PBXBuildFile;
			settings = {
			};
		};
		4B99B86A04ED399700A8E303 = {
			fileRef = 4B99B85804ED399700A8E303;
			isa = PBXBuildFile;
			settings = {
			};
		};
		4B99B86B04ED399700A8E303 = {
			fileRef = 4B99B85904ED399700A8E303;
			isa = PBXBuildFile;
			settings = {
			};
		};
		4B99B86C04ED399700A8E303 = {
			fileRef = 4B99B85A04ED399700A8E303;
			isa = PBXBuildFile;
			settings = {
			};
		};
		4B99B86D04ED399700A8E303 = {
			fileRef = 4B99B85B04ED399700A8E303;
			isa = PBXBuildFile;
			settings = {
			};
		};
		4B99B86E04ED399700A8E303 = {
			fileRef = 4B99B85C04ED399700A8E303;
			isa = PBXBuildFile;
			settings = {
			};
		};
		4B99B86F04ED399700A8E303 = {
			fileRef = 4B99B85D04ED399700A8E303;
			isa = PBXBuildFile;
			settings = {
			};
		};
		4B99B87004ED399700A8E303 = {
			fileRef = 4B99B85E04ED399700A8E303;
			isa = PBXBuildFile;
			settings = {
			};
		};
		4B99B87104ED399700A8E303 = {
			fileRef = 4B99B85F04ED399700A8E303;
			isa = PBXBuildFile;
			settings = {
			};
		};
		4B99B87204ED399700A8E303 = {
			fileRef = 4B99B86004ED399700A8E303;
			isa = PBXBuildFile;
			settings = {
			};
		};
		4B99B87304ED399700A8E303 = {
			fileRef = 4B99B86104ED399700A8E303;
			isa = PBXBuildFile;
			settings = {
			};
		};
		4B99B87404ED399C00A8E303 = {
			fileRef = 4B99B82404ED370B00A8E303;
			isa = PBXBuildFile;
			settings = {
			};
		};
		4B99B87504ED399D00A8E303 = {
			fileRef = 4B99B82504ED370B00A8E303;
			isa = PBXBuildFile;
			settings = {
			};
		};
		4B99B87604ED399D00A8E303 = {
			fileRef = 4B99B82604ED370B00A8E303;
			isa = PBXBuildFile;
			settings = {
			};
		};
		4B99B87704ED399E00A8E303 = {
			fileRef = 4B99B82704ED370B00A8E303;
			isa = PBXBuildFile;
			settings = {
			};
		};
		4B99B87804ED399E00A8E303 = {
			fileRef = 4B99B82804ED370B00A8E303;
			isa = PBXBuildFile;
			settings = {
			};
		};
		4B99B87904ED399F00A8E303 = {
			fileRef = 4B99B82904ED385500A8E303;
			isa = PBXBuildFile;
			settings = {
			};
		};
		4B99B87A04ED3A1A00A8E303 = {
			fileEncoding = 30;
			isa = PBXFileReference;
			name = carbonfont.c;
			path = src/carbonfont.c;
			refType = 2;
		};
		4B99B87B04ED3A1A00A8E303 = {
			fileEncoding = 30;
			isa = PBXFileReference;
			name = image_libpng.c;
			path = src/image_libpng.c;
			refType = 2;
		};
		4B99B87C04ED3A1A00A8E303 = {
			fileEncoding = 30;
			isa = PBXFileReference;
			name = carbonsupport.c;
			path = src/carbonsupport.c;
			refType = 2;
		};
		4B99B87D04ED3A1A00A8E303 = {
			fileEncoding = 30;
			isa = PBXFileReference;
			name = v6display.c;
			path = src/v6display.c;
			refType = 2;
		};
		4B99B87E04ED3A1A00A8E303 = {
			fileEncoding = 30;
			isa = PBXFileReference;
			name = carbonprefs.c;
			path = src/carbonprefs.c;
			refType = 2;
		};
		4B99B87F04ED3A1A00A8E303 = {
			fileEncoding = 30;
			isa = PBXFileReference;
			name = carbondisplay.h;
			path = src/carbondisplay.h;
			refType = 2;
		};
		4B99B88004ED3A1A00A8E303 = {
			fileEncoding = 30;
			isa = PBXFileReference;
			name = image_carbon.c;
			path = src/image_carbon.c;
			refType = 2;
		};
		4B99B88104ED3A1A00A8E303 = {
			fileEncoding = 30;
			isa = PBXFileReference;
			name = carbondisplay.c;
			path = src/carbondisplay.c;
			refType = 2;
		};
		4B99B88204ED3A1A00A8E303 = {
			fileEncoding = 30;
			isa = PBXFileReference;
			name = v6display.h;
			path = src/v6display.h;
			refType = 2;
		};
		4B99B88304ED3A1A00A8E303 = {
			fileEncoding = 30;
			isa = PBXFileReference;
			name = image.h;
			path = src/image.h;
			refType = 2;
		};
		4B99B88404ED3A1A00A8E303 = {
			fileEncoding = 30;
			isa = PBXFileReference;
			name = display.c;
			path = src/display.c;
			refType = 2;
		};
		4B99B88504ED3A1A00A8E303 = {
			fileEncoding = 30;
			isa = PBXFileReference;
			name = display.h;
			path = src/display.h;
			refType = 2;
		};
		4B99B88604ED3A1A00A8E303 = {
			fileRef = 4B99B87A04ED3A1A00A8E303;
			isa = PBXBuildFile;
			settings = {
			};
		};
		4B99B88704ED3A1A00A8E303 = {
			fileRef = 4B99B87B04ED3A1A00A8E303;
			isa = PBXBuildFile;
			settings = {
			};
		};
		4B99B88804ED3A1A00A8E303 = {
			fileRef = 4B99B87C04ED3A1A00A8E303;
			isa = PBXBuildFile;
			settings = {
			};
		};
		4B99B88904ED3A1A00A8E303 = {
			fileRef = 4B99B87D04ED3A1A00A8E303;
			isa = PBXBuildFile;
			settings = {
			};
		};
		4B99B88A04ED3A1A00A8E303 = {
			fileRef = 4B99B87E04ED3A1A00A8E303;
			isa = PBXBuildFile;
			settings = {
			};
		};
		4B99B88B04ED3A1A00A8E303 = {
			fileRef = 4B99B87F04ED3A1A00A8E303;
			isa = PBXBuildFile;
			settings = {
			};
		};
		4B99B88C04ED3A1A00A8E303 = {
			fileRef = 4B99B88004ED3A1A00A8E303;
			isa = PBXBuildFile;
			settings = {
			};
		};
		4B99B88D04ED3A1A00A8E303 = {
			fileRef = 4B99B88104ED3A1A00A8E303;
			isa = PBXBuildFile;
			settings = {
			};
		};
		4B99B88E04ED3A1A00A8E303 = {
			fileRef = 4B99B88204ED3A1A00A8E303;
			isa = PBXBuildFile;
			settings = {
			};
		};
		4B99B88F04ED3A1A00A8E303 = {
			fileRef = 4B99B88304ED3A1A00A8E303;
			isa = PBXBuildFile;
			settings = {
			};
		};
		4B99B89004ED3A1A00A8E303 = {
			fileRef = 4B99B88404ED3A1A00A8E303;
			isa = PBXBuildFile;
			settings = {
			};
		};
		4B99B89104ED3A1A00A8E303 = {
			fileRef = 4B99B88504ED3A1A00A8E303;
			isa = PBXBuildFile;
			settings = {
			};
		};
		4B99B89204ED3A3400A8E303 = {
			fileEncoding = 30;
			isa = PBXFileReference;
			name = rc_parse.y;
			path = src/rc_parse.y;
			refType = 2;
		};
		4B99B89304ED3A3400A8E303 = {
			fileEncoding = 30;
			isa = PBXFileReference;
			name = rc_lex.l;
			path = src/rc_lex.l;
			refType = 2;
		};
		4B99B89404ED3A3400A8E303 = {
			fileRef = 4B99B89204ED3A3400A8E303;
			isa = PBXBuildFile;
			settings = {
			};
		};
		4B99B89504ED3A3400A8E303 = {
			fileRef = 4B99B89304ED3A3400A8E303;
			isa = PBXBuildFile;
			settings = {
			};
		};
		4B99B89604ED3B0100A8E303 = {
			isa = PBXFileReference;
			name = zoom.nib;
			path = src/macos/zoom.nib;
			refType = 2;
		};
		4B99B89704ED3B0100A8E303 = {
			fileRef = 4B99B89604ED3B0100A8E303;
			isa = PBXBuildFile;
			settings = {
			};
		};
		4B99B89804ED3B1200A8E303 = {
			isa = PBXFileReference;
			name = "zoom-app.icns";
			path = "src/macos/zoom-app.icns";
			refType = 2;
		};
		4B99B89904ED3B1200A8E303 = {
			isa = PBXFileReference;
			name = "zoom-game.icns";
			path = "src/macos/zoom-game.icns";
			refType = 2;
		};
		4B99B89A04ED3B1200A8E303 = {
			isa = PBXFileReference;
			name = "zoom-file.icns";
			path = "src/macos/zoom-file.icns";
			refType = 2;
		};
		4B99B89B04ED3B1200A8E303 = {
			fileRef = 4B99B89804ED3B1200A8E303;
			isa = PBXBuildFile;
			settings = {
			};
		};
		4B99B89C04ED3B1200A8E303 = {
			fileRef = 4B99B89904ED3B1200A8E303;
			isa = PBXBuildFile;
			settings = {
			};
		};
		4B99B89D04ED3B1200A8E303 = {
			fileRef = 4B99B89A04ED3B1200A8E303;
			isa = PBXBuildFile;
			settings = {
			};
		};
		4B99B89E04ED3B2100A8E303 = {
			fileEncoding = 30;
			isa = PBXFileReference;
			name = zoomrc;
			path = src/macos/zoomrc;
			refType = 2;
		};
		4B99B89F04ED3B2100A8E303 = {
			fileRef = 4B99B89E04ED3B2100A8E303;
			isa = PBXBuildFile;
			settings = {
			};
		};
		4B99B8A004ED3D9100A8E303 = {
			isa = PBXFrameworkReference;
			name = Carbon.framework;
			path = /System/Library/Frameworks/Carbon.framework;
			refType = 0;
		};
		4B99B8A104ED3D9100A8E303 = {
			fileRef = 4B99B8A004ED3D9100A8E303;
			isa = PBXBuildFile;
			settings = {
			};
		};
		4B99B8A204ED3D9400A8E303 = {
			children = (
				4B99B8A004ED3D9100A8E303,
			);
			isa = PBXGroup;
			name = Frameworks;
			refType = 4;
		};
		4B99B8A704ED3EAF00A8E303 = {
			fileEncoding = 30;
			isa = PBXFileReference;
			name = format.c;
			path = src/format.c;
			refType = 2;
		};
		4B99B8A804ED3EAF00A8E303 = {
			fileEncoding = 30;
			isa = PBXFileReference;
			name = format.h;
			path = src/format.h;
			refType = 2;
		};
		4B99B8A904ED3EAF00A8E303 = {
			fileRef = 4B99B8A704ED3EAF00A8E303;
			isa = PBXBuildFile;
			settings = {
			};
		};
		4B99B8AA04ED3EAF00A8E303 = {
			fileRef = 4B99B8A804ED3EAF00A8E303;
			isa = PBXBuildFile;
			settings = {
			};
		};
		4BD870B904ED420B00A8E303 = {
			fileEncoding = 30;
			isa = PBXFileReference;
			name = build_files.sh;
			path = ProjectBuilder/build_files.sh;
			refType = 2;
		};
		4BD870BA04ED420B00A8E303 = {
			fileRef = 4BD870B904ED420B00A8E303;
			isa = PBXBuildFile;
			settings = {
			};
		};
		4BD870BB04ED421600A8E303 = {
			fileEncoding = 30;
			isa = PBXFileReference;
			name = config.h;
			path = ProjectBuilder/config.h;
			refType = 2;
		};
		4BD870BC04ED421600A8E303 = {
			fileRef = 4BD870BB04ED421600A8E303;
			isa = PBXBuildFile;
			settings = {
			};
		};
		4BD870BD04ED423000A8E303 = {
			fileEncoding = 30;
			isa = PBXFileReference;
			name = ztypes.h;
			path = ProjectBuilder/etc/ztypes.h;
			refType = 2;
		};
		4BD870BE04ED423000A8E303 = {
			fileRef = 4BD870BD04ED423000A8E303;
			isa = PBXBuildFile;
			settings = {
			};
		};
		4BD870BF04ED423000A8E303 = {
			fileRef = 4BD870BB04ED421600A8E303;
			isa = PBXBuildFile;
			settings = {
			};
		};
	};
	rootObject = 4B99B7EB04ED24C800A8E303;
}
