// !$*UTF8*$!
{
	archiveVersion = 1;
	classes = {
	};
	objectVersion = 39;
	objects = {
		4B1E3F47050F7AD000A8E303 = {
			children = (
				4B1E3FD2050F7DFD00A8E303,
				4B1E3FD3050F7E0800A8E303,
				4B1E3FD4050F7E1000A8E303,
				4B1E3FD5050F7E1A00A8E303,
				4B1E3FD6050F7E3100A8E303,
				4B1E3FD7050F7E3100A8E303,
				4B1E3FD9050F7E4300A8E303,
				4BACE9FA05B428C700A9B6DC,
				4B1E3F7F050F7C9500A8E303,
				4B1E3F5E050F7B2C00A8E303,
				4BCF3F41050FB1C300A8E303,
				4BCF3F42050FB1D800A8E303,
				4B1E3F5F050F7B8100A8E303,
				4B1E3F55050F7B0E00A8E303,
			);
			isa = PBXGroup;
			refType = 4;
			sourceTree = "<group>";
		};
		4B1E3F49050F7AD000A8E303 = {
			buildRules = (
			);
			buildSettings = {
				COPY_PHASE_STRIP = NO;
				GCC_DYNAMIC_NO_PIC = NO;
				GCC_ENABLE_FIX_AND_CONTINUE = YES;
				GCC_GENERATE_DEBUGGING_SYMBOLS = YES;
				GCC_OPTIMIZATION_LEVEL = 0;
				MACOSX_DEPLOYMENT_TARGET = 10.1;
				OPTIMIZATION_CFLAGS = "-O0";
				ZERO_LINK = YES;
			};
			isa = PBXBuildStyle;
			name = Development;
		};
		4B1E3F4A050F7AD000A8E303 = {
			buildRules = (
			);
			buildSettings = {
				COPY_PHASE_STRIP = YES;
				GCC_ENABLE_FIX_AND_CONTINUE = NO;
				MACOSX_DEPLOYMENT_TARGET = 10.1;
				OPTIMIZATION_CFLAGS = "-O3";
				ZERO_LINK = NO;
			};
			isa = PBXBuildStyle;
			name = Deployment;
		};
		4B1E3F4B050F7AD000A8E303 = {
			buildSettings = {
				MACOSX_DEPLOYMENT_TARGET = 10.1;
				SDKROOT = /Developer/SDKs/MacOSX10.1.5.sdk;
			};
			buildStyles = (
				4B1E3F49050F7AD000A8E303,
				4B1E3F4A050F7AD000A8E303,
			);
			hasScannedForEncodings = 1;
			isa = PBXProject;
			mainGroup = 4B1E3F47050F7AD000A8E303;
			productRefGroup = 4B1E3F55050F7B0E00A8E303;
			projectDirPath = "";
			targets = (
				4B1E3F5B050F7B2500A8E303,
				4B1E3F67050F7BB700A8E303,
				4B1E3F79050F7C3900A8E303,
				4BCF3F3C050FB1B400A8E303,
				4BDFA4B90535E64900A8E303,
			);
		};
		4B1E3F55050F7B0E00A8E303 = {
			children = (
				4B1E3F68050F7C2000A8E303,
				4B1E3F6A050F7C2000A8E303,
				4B1E3F6B050F7C2000A8E303,
				4B1E3F6C050F7C2000A8E303,
				4B1E3F6D050F7C2000A8E303,
				4B1E3F6E050F7C2000A8E303,
				4B1E3F5C050F7B2500A8E303,
				4B1E3F7A050F7C3900A8E303,
				4BCF3F3D050FB1B400A8E303,
			);
			isa = PBXGroup;
			name = Products;
			refType = 4;
			sourceTree = "<group>";
		};
		4B1E3F57050F7B2500A8E303 = {
			buildActionMask = 2147483647;
			files = (
				4B1E3F6F050F7C2800A8E303,
				4B1E3F70050F7C2800A8E303,
				4B1E3F71050F7C2900A8E303,
				4B1E3F72050F7C2A00A8E303,
				4B1E3F73050F7C2A00A8E303,
				4B1E3F74050F7C2A00A8E303,
				4B1E3F9D050F7D5200A8E303,
				4B1E3F9E050F7D5200A8E303,
				4B1E3FA6050F7D5200A8E303,
				4B1E3FAA050F7D5200A8E303,
				4B1E3FAB050F7D5200A8E303,
				4B1E3FAC050F7D5200A8E303,
				4B1E3FAD050F7D5200A8E303,
				4B1E3FAE050F7D5200A8E303,
				4B1E3FC1050F7DE200A8E303,
				4B1E3FC2050F7DE200A8E303,
				4B1E3FC3050F7DE200A8E303,
				4B1E3FC5050F7DE200A8E303,
				4B1E3FC9050F7DE200A8E303,
				4B1E3FCC050F7DE200A8E303,
				4B1E3FCF050F7DE200A8E303,
				4B1E3FD0050F7DE200A8E303,
				4B1E3FD8050F7E3800A8E303,
				4B1E3FDA050F7E4300A8E303,
				4BCF3F28050F8BB200A8E303,
				4BCF3F2E050F8ECD00A8E303,
				4BCF3F31050F9E8F00A8E303,
				4BCF3F35050FAE5700A8E303,
				4BCF3F61050FBAAF00A8E303,
				4BCF3F63050FBB3F00A8E303,
			);
			isa = PBXHeadersBuildPhase;
			runOnlyForDeploymentPostprocessing = 0;
		};
		4B1E3F58050F7B2500A8E303 = {
			buildActionMask = 2147483647;
			files = (
				4B1E3F9C050F7D5200A8E303,
				4B1E3F9F050F7D5200A8E303,
				4B1E3FA0050F7D5200A8E303,
				4B1E3FA1050F7D5200A8E303,
				4B1E3FA2050F7D5200A8E303,
				4B1E3FA3050F7D5200A8E303,
				4B1E3FA4050F7D5200A8E303,
				4B1E3FA5050F7D5200A8E303,
				4B1E3FA7050F7D5200A8E303,
				4B1E3FA8050F7D5200A8E303,
				4B1E3FA9050F7D5200A8E303,
				4B1E3FC4050F7DE200A8E303,
				4B1E3FC6050F7DE200A8E303,
				4B1E3FC7050F7DE200A8E303,
				4B1E3FC8050F7DE200A8E303,
				4B1E3FCA050F7DE200A8E303,
				4B1E3FCB050F7DE200A8E303,
				4B1E3FCD050F7DE200A8E303,
				4B1E3FCE050F7DE200A8E303,
				4B1E3FD1050F7DE200A8E303,
				4BCF3F2A050F8E0000A8E303,
				4BCF3F32050F9E8F00A8E303,
				4BCF3F36050FAE5700A8E303,
				4BCF3F60050FBAAF00A8E303,
				4B4EF622050FD67C00A8E303,
				4BE447B90510DE5900A8E303,
			);
			isa = PBXSourcesBuildPhase;
			runOnlyForDeploymentPostprocessing = 0;
		};
		4B1E3F59050F7B2500A8E303 = {
			buildActionMask = 2147483647;
			files = (
				4B1E3F61050F7BA000A8E303,
				4BCF3F2C050F8E2400A8E303,
				4BECA7FA05B194AF006840BA,
			);
			isa = PBXFrameworksBuildPhase;
			runOnlyForDeploymentPostprocessing = 0;
		};
		4B1E3F5A050F7B2500A8E303 = {
			buildActionMask = 2147483647;
			files = (
			);
			isa = PBXRezBuildPhase;
			runOnlyForDeploymentPostprocessing = 0;
		};
		4B1E3F5B050F7B2500A8E303 = {
			buildPhases = (
				4B1E3F57050F7B2500A8E303,
				4B1E3F58050F7B2500A8E303,
				4B1E3F59050F7B2500A8E303,
				4B1E3F5A050F7B2500A8E303,
			);
			buildSettings = {
				OPTIMIZATION_CFLAGS = "-O3";
				OTHER_CFLAGS = "-I\"ProjectBuilder/etc\" -Ibuild -DWINDOW_SYSTEM=4 -I/usr/local/include";
				OTHER_LDFLAGS = "";
				OTHER_REZFLAGS = "";
				PRODUCT_NAME = ZoomServer;
				REZ_EXECUTABLE = YES;
				SECTORDER_FLAGS = "";
				WARNING_CFLAGS = "-Wmost -Wno-four-char-constants -Wno-unknown-pragmas";
			};
			dependencies = (
				4B1E3F7D050F7C4400A8E303,
				4B1E3F7E050F7C4600A8E303,
			);
			isa = PBXToolTarget;
			name = ZoomServer;
			productInstallPath = /usr/local/bin;
			productName = ZoomServer;
			productReference = 4B1E3F5C050F7B2500A8E303;
		};
		4B1E3F5C050F7B2500A8E303 = {
			explicitFileType = "compiled.mach-o.executable";
			fallbackIsa = PBXFileReference;
			isa = PBXExecutableFileReference;
			path = ZoomServer;
			refType = 3;
			sourceTree = BUILT_PRODUCTS_DIR;
		};
		4B1E3F5E050F7B2C00A8E303 = {
			children = (
				4B1E3FDB050F7E6F00A8E303,
				4BECA7FF05B19B98006840BA,
				4B1E3F88050F7CF100A8E303,
				4B1E3FAF050F7D8900A8E303,
			);
			isa = PBXGroup;
			name = Zoom;
			path = src;
			refType = 2;
			sourceTree = SOURCE_ROOT;
		};
		4B1E3F5F050F7B8100A8E303 = {
			children = (
				4BECA7F705B194AA006840BA,
				4BDFA4BA0535E64900A8E303,
				4B1E3F60050F7BA000A8E303,
				4BCF3F2B050F8E2400A8E303,
			);
			isa = PBXGroup;
			name = Frameworks;
			path = src;
			refType = 4;
			sourceTree = "<group>";
		};
		4B1E3F60050F7BA000A8E303 = {
			fallbackIsa = PBXFileReference;
			isa = PBXFrameworkReference;
			lastKnownFileType = wrapper.framework;
			name = Cocoa.framework;
			path = /System/Library/Frameworks/Cocoa.framework;
			refType = 0;
			sourceTree = "<absolute>";
		};
		4B1E3F61050F7BA000A8E303 = {
			fileRef = 4B1E3F60050F7BA000A8E303;
			isa = PBXBuildFile;
			settings = {
			};
		};
		4B1E3F67050F7BB700A8E303 = {
			buildArgumentsString = "\"ProjectBuilder/build_files.sh\" $ACTION";
			buildPhases = (
			);
			buildSettings = {
				OTHER_CFLAGS = "";
				OTHER_LDFLAGS = "";
				OTHER_REZFLAGS = "";
				PRODUCT_NAME = Interpreter;
				SECTORDER_FLAGS = "";
				WARNING_CFLAGS = "-Wmost -Wno-four-char-constants -Wno-unknown-pragmas";
			};
			buildToolPath = /bin/bash;
			dependencies = (
				4B1E3F7C050F7C4300A8E303,
			);
			isa = PBXLegacyTarget;
			name = Interpreter;
			passBuildSettingsInEnvironment = 1;
			productName = Interpreter;
		};
		4B1E3F68050F7C2000A8E303 = {
			fileEncoding = 30;
			isa = PBXFileReference;
			lastKnownFileType = sourcecode.c.h;
			name = interp_z3.h;
			path = build/interp_z3.h;
			refType = 2;
			sourceTree = SOURCE_ROOT;
		};
		4B1E3F6A050F7C2000A8E303 = {
			fileEncoding = 30;
			isa = PBXFileReference;
			lastKnownFileType = sourcecode.c.h;
			name = interp_z4.h;
			path = build/interp_z4.h;
			refType = 2;
			sourceTree = SOURCE_ROOT;
		};
		4B1E3F6B050F7C2000A8E303 = {
			fileEncoding = 30;
			isa = PBXFileReference;
			lastKnownFileType = sourcecode.c.h;
			name = interp_gen.h;
			path = build/interp_gen.h;
			refType = 2;
			sourceTree = SOURCE_ROOT;
		};
		4B1E3F6C050F7C2000A8E303 = {
			fileEncoding = 30;
			isa = PBXFileReference;
			lastKnownFileType = sourcecode.c.h;
			name = interp_z5.h;
			path = build/interp_z5.h;
			refType = 2;
			sourceTree = SOURCE_ROOT;
		};
		4B1E3F6D050F7C2000A8E303 = {
			fileEncoding = 30;
			isa = PBXFileReference;
			lastKnownFileType = sourcecode.c.h;
			name = varop.h;
			path = build/varop.h;
			refType = 2;
			sourceTree = SOURCE_ROOT;
		};
		4B1E3F6E050F7C2000A8E303 = {
			fileEncoding = 30;
			isa = PBXFileReference;
			lastKnownFileType = sourcecode.c.h;
			name = interp_z6.h;
			path = build/interp_z6.h;
			refType = 2;
			sourceTree = SOURCE_ROOT;
		};
		4B1E3F6F050F7C2800A8E303 = {
			fileRef = 4B1E3F68050F7C2000A8E303;
			isa = PBXBuildFile;
			settings = {
			};
		};
		4B1E3F70050F7C2800A8E303 = {
			fileRef = 4B1E3F6A050F7C2000A8E303;
			isa = PBXBuildFile;
			settings = {
			};
		};
		4B1E3F71050F7C2900A8E303 = {
			fileRef = 4B1E3F6B050F7C2000A8E303;
			isa = PBXBuildFile;
			settings = {
			};
		};
		4B1E3F72050F7C2A00A8E303 = {
			fileRef = 4B1E3F6C050F7C2000A8E303;
			isa = PBXBuildFile;
			settings = {
			};
		};
		4B1E3F73050F7C2A00A8E303 = {
			fileRef = 4B1E3F6D050F7C2000A8E303;
			isa = PBXBuildFile;
			settings = {
			};
		};
		4B1E3F74050F7C2A00A8E303 = {
			fileRef = 4B1E3F6E050F7C2000A8E303;
			isa = PBXBuildFile;
			settings = {
			};
		};
		4B1E3F75050F7C3900A8E303 = {
			buildActionMask = 2147483647;
			files = (
				4B1E3FDF050F80BC00A8E303,
			);
			isa = PBXHeadersBuildPhase;
			runOnlyForDeploymentPostprocessing = 0;
		};
		4B1E3F76050F7C3900A8E303 = {
			buildActionMask = 2147483647;
			files = (
				4B1E3FDE050F80BB00A8E303,
				4B1E3FE0050F80BC00A8E303,
				4B1E3FE1050F80BC00A8E303,
			);
			isa = PBXSourcesBuildPhase;
			runOnlyForDeploymentPostprocessing = 0;
		};
		4B1E3F77050F7C3900A8E303 = {
			buildActionMask = 2147483647;
			files = (
			);
			isa = PBXFrameworksBuildPhase;
			runOnlyForDeploymentPostprocessing = 0;
		};
		4B1E3F78050F7C3900A8E303 = {
			buildActionMask = 2147483647;
			files = (
			);
			isa = PBXRezBuildPhase;
			runOnlyForDeploymentPostprocessing = 0;
		};
		4B1E3F79050F7C3900A8E303 = {
			buildPhases = (
				4B1E3F75050F7C3900A8E303,
				4B1E3F76050F7C3900A8E303,
				4B1E3F77050F7C3900A8E303,
				4B1E3F78050F7C3900A8E303,
			);
			buildSettings = {
				OTHER_CFLAGS = "-I\"ProjectBuilder/etc\" -Ibuild";
				OTHER_LDFLAGS = "";
				OTHER_REZFLAGS = "";
				PRODUCT_NAME = Builder;
				REZ_EXECUTABLE = YES;
				SECTORDER_FLAGS = "";
				WARNING_CFLAGS = "-Wmost -Wno-four-char-constants -Wno-unknown-pragmas";
			};
			dependencies = (
			);
			isa = PBXToolTarget;
			name = Builder;
			productInstallPath = /usr/local/bin;
			productName = Builder;
			productReference = 4B1E3F7A050F7C3900A8E303;
		};
		4B1E3F7A050F7C3900A8E303 = {
			explicitFileType = "compiled.mach-o.executable";
			fallbackIsa = PBXFileReference;
			isa = PBXExecutableFileReference;
			path = Builder;
			refType = 3;
			sourceTree = BUILT_PRODUCTS_DIR;
		};
		4B1E3F7C050F7C4300A8E303 = {
			isa = PBXTargetDependency;
			target = 4B1E3F79050F7C3900A8E303;
			targetProxy = 4B3C675B05566FE200764D1A;
		};
		4B1E3F7D050F7C4400A8E303 = {
			isa = PBXTargetDependency;
			target = 4B1E3F79050F7C3900A8E303;
			targetProxy = 4B3C675D05566FE200764D1A;
		};
		4B1E3F7E050F7C4600A8E303 = {
			isa = PBXTargetDependency;
			target = 4B1E3F67050F7BB700A8E303;
			targetProxy = 4B3C675C05566FE200764D1A;
		};
		4B1E3F7F050F7C9500A8E303 = {
			children = (
				4B1E3F80050F7CC500A8E303,
				4B1E3F81050F7CC500A8E303,
				4B1E3F82050F7CC500A8E303,
				4B1E3F83050F7CC500A8E303,
			);
			isa = PBXGroup;
			path = builder;
			refType = 2;
			sourceTree = SOURCE_ROOT;
		};
		4B1E3F80050F7CC500A8E303 = {
			fileEncoding = 30;
			isa = PBXFileReference;
			lastKnownFileType = sourcecode.c.c;
			path = main.c;
			refType = 4;
			sourceTree = "<group>";
		};
		4B1E3F81050F7CC500A8E303 = {
			fileEncoding = 30;
			isa = PBXFileReference;
			lastKnownFileType = sourcecode.lex;
			path = lex.l;
			refType = 4;
			sourceTree = "<group>";
		};
		4B1E3F82050F7CC500A8E303 = {
			fileEncoding = 30;
			isa = PBXFileReference;
			lastKnownFileType = sourcecode.c.h;
			path = operation.h;
			refType = 4;
			sourceTree = "<group>";
		};
		4B1E3F83050F7CC500A8E303 = {
			fileEncoding = 30;
			isa = PBXFileReference;
			lastKnownFileType = sourcecode.yacc;
			path = gram.y;
			refType = 4;
			sourceTree = "<group>";
		};
		4B1E3F88050F7CF100A8E303 = {
			children = (
				4BCF3F2D050F8ECD00A8E303,
				4BE447BA0510E0E000A8E303,
				4B1E3F91050F7D5200A8E303,
				4B1E3F99050F7D5200A8E303,
				4B1E3F8F050F7D5200A8E303,
				4B1E3F9A050F7D5200A8E303,
				4B1E3F94050F7D5200A8E303,
				4B1E3F8B050F7D5200A8E303,
				4B1E3F90050F7D5200A8E303,
				4B1E3F9B050F7D5200A8E303,
				4BCF3F62050FBB3F00A8E303,
				4B1E3F89050F7D5200A8E303,
				4B1E3F8C050F7D5200A8E303,
				4B1E3F95050F7D5200A8E303,
				4B1E3F98050F7D5200A8E303,
				4B1E3F8E050F7D5200A8E303,
				4B1E3F97050F7D5200A8E303,
				4B1E3F92050F7D5200A8E303,
				4B1E3F8A050F7D5200A8E303,
				4B1E3F96050F7D5200A8E303,
				4B1E3F8D050F7D5200A8E303,
				4B1E3F93050F7D5200A8E303,
				4BCF3F5E050FBAAF00A8E303,
				4BCF3F5F050FBAAF00A8E303,
			);
			isa = PBXGroup;
			name = Support;
			refType = 4;
			sourceTree = "<group>";
		};
		4B1E3F89050F7D5200A8E303 = {
			fileEncoding = 30;
			isa = PBXFileReference;
			lastKnownFileType = sourcecode.c.c;
			path = iff.c;
			refType = 4;
			sourceTree = "<group>";
		};
		4B1E3F8A050F7D5200A8E303 = {
			fileEncoding = 30;
			isa = PBXFileReference;
			lastKnownFileType = sourcecode.c.h;
			path = rc.h;
			refType = 4;
			sourceTree = "<group>";
		};
		4B1E3F8B050F7D5200A8E303 = {
			fileEncoding = 30;
			isa = PBXFileReference;
			lastKnownFileType = sourcecode.c.h;
			path = font3.h;
			refType = 4;
			sourceTree = "<group>";
		};
		4B1E3F8C050F7D5200A8E303 = {
			fileEncoding = 30;
			isa = PBXFileReference;
			lastKnownFileType = sourcecode.c.c;
			path = main.c;
			refType = 4;
			sourceTree = "<group>";
		};
		4B1E3F8D050F7D5200A8E303 = {
			fileEncoding = 30;
			isa = PBXFileReference;
			lastKnownFileType = sourcecode.yacc;
			path = rc_parse.y;
			refType = 4;
			sourceTree = "<group>";
		};
		4B1E3F8E050F7D5200A8E303 = {
			fileEncoding = 30;
			isa = PBXFileReference;
			lastKnownFileType = sourcecode.c.c;
			path = options.c;
			refType = 4;
			sourceTree = "<group>";
		};
		4B1E3F8F050F7D5200A8E303 = {
			fileEncoding = 30;
			isa = PBXFileReference;
			lastKnownFileType = sourcecode.c.c;
			path = file.c;
			refType = 4;
			sourceTree = "<group>";
		};
		4B1E3F90050F7D5200A8E303 = {
			fileEncoding = 30;
			isa = PBXFileReference;
			lastKnownFileType = sourcecode.c.c;
			path = hash.c;
			refType = 4;
			sourceTree = "<group>";
		};
		4B1E3F91050F7D5200A8E303 = {
			fileEncoding = 30;
			isa = PBXFileReference;
			lastKnownFileType = sourcecode.c.c;
			path = blorb.c;
			refType = 4;
			sourceTree = "<group>";
		};
		4B1E3F92050F7D5200A8E303 = {
			fileEncoding = 30;
			isa = PBXFileReference;
			lastKnownFileType = sourcecode.c.c;
			path = rc.c;
			refType = 4;
			sourceTree = "<group>";
		};
		4B1E3F93050F7D5200A8E303 = {
			fileEncoding = 30;
			isa = PBXFileReference;
			lastKnownFileType = sourcecode.c.h;
			path = rcp.h;
			refType = 4;
			sourceTree = "<group>";
		};
		4B1E3F94050F7D5200A8E303 = {
			fileEncoding = 30;
			isa = PBXFileReference;
			lastKnownFileType = sourcecode.c.c;
			path = font3.c;
			refType = 4;
			sourceTree = "<group>";
		};
		4B1E3F95050F7D5200A8E303 = {
			fileEncoding = 30;
			isa = PBXFileReference;
			lastKnownFileType = sourcecode.c.c;
			path = menu.c;
			refType = 4;
			sourceTree = "<group>";
		};
		4B1E3F96050F7D5200A8E303 = {
			fileEncoding = 30;
			isa = PBXFileReference;
			lastKnownFileType = sourcecode.lex;
			path = rc_lex.l;
			refType = 4;
			sourceTree = "<group>";
		};
		4B1E3F97050F7D5200A8E303 = {
			fileEncoding = 30;
			isa = PBXFileReference;
			lastKnownFileType = sourcecode.c.h;
			path = options.h;
			refType = 4;
			sourceTree = "<group>";
		};
		4B1E3F98050F7D5200A8E303 = {
			fileEncoding = 30;
			isa = PBXFileReference;
			lastKnownFileType = sourcecode.c.h;
			path = menu.h;
			refType = 4;
			sourceTree = "<group>";
		};
		4B1E3F99050F7D5200A8E303 = {
			fileEncoding = 30;
			isa = PBXFileReference;
			lastKnownFileType = sourcecode.c.h;
			path = blorb.h;
			refType = 4;
			sourceTree = "<group>";
		};
		4B1E3F9A050F7D5200A8E303 = {
			fileEncoding = 30;
			isa = PBXFileReference;
			lastKnownFileType = sourcecode.c.h;
			path = file.h;
			refType = 4;
			sourceTree = "<group>";
		};
		4B1E3F9B050F7D5200A8E303 = {
			fileEncoding = 30;
			isa = PBXFileReference;
			lastKnownFileType = sourcecode.c.h;
			path = hash.h;
			refType = 4;
			sourceTree = "<group>";
		};
		4B1E3F9C050F7D5200A8E303 = {
			fileRef = 4B1E3F89050F7D5200A8E303;
			isa = PBXBuildFile;
			settings = {
			};
		};
		4B1E3F9D050F7D5200A8E303 = {
			fileRef = 4B1E3F8A050F7D5200A8E303;
			isa = PBXBuildFile;
			settings = {
			};
		};
		4B1E3F9E050F7D5200A8E303 = {
			fileRef = 4B1E3F8B050F7D5200A8E303;
			isa = PBXBuildFile;
			settings = {
			};
		};
		4B1E3F9F050F7D5200A8E303 = {
			fileRef = 4B1E3F8C050F7D5200A8E303;
			isa = PBXBuildFile;
			settings = {
			};
		};
		4B1E3FA0050F7D5200A8E303 = {
			fileRef = 4B1E3F8D050F7D5200A8E303;
			isa = PBXBuildFile;
			settings = {
			};
		};
		4B1E3FA1050F7D5200A8E303 = {
			fileRef = 4B1E3F8E050F7D5200A8E303;
			isa = PBXBuildFile;
			settings = {
			};
		};
		4B1E3FA2050F7D5200A8E303 = {
			fileRef = 4B1E3F8F050F7D5200A8E303;
			isa = PBXBuildFile;
			settings = {
			};
		};
		4B1E3FA3050F7D5200A8E303 = {
			fileRef = 4B1E3F90050F7D5200A8E303;
			isa = PBXBuildFile;
			settings = {
			};
		};
		4B1E3FA4050F7D5200A8E303 = {
			fileRef = 4B1E3F91050F7D5200A8E303;
			isa = PBXBuildFile;
			settings = {
			};
		};
		4B1E3FA5050F7D5200A8E303 = {
			fileRef = 4B1E3F92050F7D5200A8E303;
			isa = PBXBuildFile;
			settings = {
			};
		};
		4B1E3FA6050F7D5200A8E303 = {
			fileRef = 4B1E3F93050F7D5200A8E303;
			isa = PBXBuildFile;
			settings = {
			};
		};
		4B1E3FA7050F7D5200A8E303 = {
			fileRef = 4B1E3F94050F7D5200A8E303;
			isa = PBXBuildFile;
			settings = {
			};
		};
		4B1E3FA8050F7D5200A8E303 = {
			fileRef = 4B1E3F95050F7D5200A8E303;
			isa = PBXBuildFile;
			settings = {
			};
		};
		4B1E3FA9050F7D5200A8E303 = {
			fileRef = 4B1E3F96050F7D5200A8E303;
			isa = PBXBuildFile;
			settings = {
			};
		};
		4B1E3FAA050F7D5200A8E303 = {
			fileRef = 4B1E3F97050F7D5200A8E303;
			isa = PBXBuildFile;
			settings = {
			};
		};
		4B1E3FAB050F7D5200A8E303 = {
			fileRef = 4B1E3F98050F7D5200A8E303;
			isa = PBXBuildFile;
			settings = {
			};
		};
		4B1E3FAC050F7D5200A8E303 = {
			fileRef = 4B1E3F99050F7D5200A8E303;
			isa = PBXBuildFile;
			settings = {
			};
		};
		4B1E3FAD050F7D5200A8E303 = {
			fileRef = 4B1E3F9A050F7D5200A8E303;
			isa = PBXBuildFile;
			settings = {
			};
		};
		4B1E3FAE050F7D5200A8E303 = {
			fileRef = 4B1E3F9B050F7D5200A8E303;
			isa = PBXBuildFile;
			settings = {
			};
		};
		4B1E3FAF050F7D8900A8E303 = {
			children = (
				4B1E3FB7050F7DE200A8E303,
				4B1E3FB0050F7DE200A8E303,
				4B1E3FB6050F7DE200A8E303,
				4B1E3FC0050F7DE200A8E303,
				4B1E3FBF050F7DE200A8E303,
				4B1E3FBD050F7DE200A8E303,
				4B1E3FBE050F7DE200A8E303,
				4B1E3FB3050F7DE200A8E303,
				4B1E3FB8050F7DE200A8E303,
				4B1E3FBC050F7DE200A8E303,
				4B1E3FBB050F7DE200A8E303,
				4B1E3FB5050F7DE200A8E303,
				4B1E3FB4050F7DE200A8E303,
				4B1E3FB9050F7DE200A8E303,
				4B1E3FB1050F7DE200A8E303,
				4B1E3FBA050F7DE200A8E303,
				4B1E3FB2050F7DE200A8E303,
			);
			isa = PBXGroup;
			name = Interpreter;
			path = src;
			refType = 2;
			sourceTree = SOURCE_ROOT;
		};
		4B1E3FB0050F7DE200A8E303 = {
			fileEncoding = 30;
			isa = PBXFileReference;
			lastKnownFileType = sourcecode.c.h;
			path = debug.h;
			refType = 4;
			sourceTree = "<group>";
		};
		4B1E3FB1050F7DE200A8E303 = {
			fileEncoding = 30;
			isa = PBXFileReference;
			lastKnownFileType = sourcecode.c.h;
			path = zmachine.h;
			refType = 4;
			sourceTree = "<group>";
		};
		4B1E3FB2050F7DE200A8E303 = {
			fileEncoding = 30;
			isa = PBXFileReference;
			lastKnownFileType = sourcecode.c.h;
			path = zscii.h;
			refType = 4;
			sourceTree = "<group>";
		};
		4B1E3FB3050F7DE200A8E303 = {
			fileEncoding = 30;
			isa = PBXFileReference;
			lastKnownFileType = sourcecode.c.c;
			path = state.c;
			refType = 4;
			sourceTree = "<group>";
		};
		4B1E3FB4050F7DE200A8E303 = {
			fileEncoding = 30;
			isa = PBXFileReference;
			lastKnownFileType = sourcecode.c.h;
			path = tokenise.h;
			refType = 4;
			sourceTree = "<group>";
		};
		4B1E3FB5050F7DE200A8E303 = {
			fileEncoding = 30;
			isa = PBXFileReference;
			lastKnownFileType = sourcecode.c.c;
			path = tokenise.c;
			refType = 4;
			sourceTree = "<group>";
		};
		4B1E3FB6050F7DE200A8E303 = {
			fileEncoding = 30;
			isa = PBXFileReference;
			lastKnownFileType = sourcecode.yacc;
			path = eval.y;
			refType = 4;
			sourceTree = "<group>";
		};
		4B1E3FB7050F7DE200A8E303 = {
			fileEncoding = 30;
			isa = PBXFileReference;
			lastKnownFileType = sourcecode.c.c;
			path = debug.c;
			refType = 4;
			sourceTree = "<group>";
		};
		4B1E3FB8050F7DE200A8E303 = {
			fileEncoding = 30;
			isa = PBXFileReference;
			lastKnownFileType = sourcecode.c.h;
			path = state.h;
			refType = 4;
			sourceTree = "<group>";
		};
		4B1E3FB9050F7DE200A8E303 = {
			fileEncoding = 30;
			isa = PBXFileReference;
			lastKnownFileType = sourcecode.c.c;
			path = zmachine.c;
			refType = 4;
			sourceTree = "<group>";
		};
		4B1E3FBA050F7DE200A8E303 = {
			fileEncoding = 30;
			isa = PBXFileReference;
			lastKnownFileType = sourcecode.c.c;
			path = zscii.c;
			refType = 4;
			sourceTree = "<group>";
		};
		4B1E3FBB050F7DE200A8E303 = {
			fileEncoding = 30;
			isa = PBXFileReference;
			lastKnownFileType = sourcecode.c.h;
			path = stream.h;
			refType = 4;
			sourceTree = "<group>";
		};
		4B1E3FBC050F7DE200A8E303 = {
			fileEncoding = 30;
			isa = PBXFileReference;
			lastKnownFileType = sourcecode.c.c;
			path = stream.c;
			refType = 4;
			sourceTree = "<group>";
		};
		4B1E3FBD050F7DE200A8E303 = {
			fileEncoding = 30;
			isa = PBXFileReference;
			lastKnownFileType = sourcecode.c.c;
			path = random.c;
			refType = 4;
			sourceTree = "<group>";
		};
		4B1E3FBE050F7DE200A8E303 = {
			fileEncoding = 30;
			isa = PBXFileReference;
			lastKnownFileType = sourcecode.c.h;
			path = random.h;
			refType = 4;
			sourceTree = "<group>";
		};
		4B1E3FBF050F7DE200A8E303 = {
			fileEncoding = 30;
			isa = PBXFileReference;
			lastKnownFileType = sourcecode.c.h;
			path = interp.h;
			refType = 4;
			sourceTree = "<group>";
		};
		4B1E3FC0050F7DE200A8E303 = {
			fileEncoding = 30;
			isa = PBXFileReference;
			lastKnownFileType = sourcecode.c.c;
			path = interp.c;
			refType = 4;
			sourceTree = "<group>";
		};
		4B1E3FC1050F7DE200A8E303 = {
			fileRef = 4B1E3FB0050F7DE200A8E303;
			isa = PBXBuildFile;
			settings = {
			};
		};
		4B1E3FC2050F7DE200A8E303 = {
			fileRef = 4B1E3FB1050F7DE200A8E303;
			isa = PBXBuildFile;
			settings = {
			};
		};
		4B1E3FC3050F7DE200A8E303 = {
			fileRef = 4B1E3FB2050F7DE200A8E303;
			isa = PBXBuildFile;
			settings = {
			};
		};
		4B1E3FC4050F7DE200A8E303 = {
			fileRef = 4B1E3FB3050F7DE200A8E303;
			isa = PBXBuildFile;
			settings = {
			};
		};
		4B1E3FC5050F7DE200A8E303 = {
			fileRef = 4B1E3FB4050F7DE200A8E303;
			isa = PBXBuildFile;
			settings = {
			};
		};
		4B1E3FC6050F7DE200A8E303 = {
			fileRef = 4B1E3FB5050F7DE200A8E303;
			isa = PBXBuildFile;
			settings = {
			};
		};
		4B1E3FC7050F7DE200A8E303 = {
			fileRef = 4B1E3FB6050F7DE200A8E303;
			isa = PBXBuildFile;
			settings = {
			};
		};
		4B1E3FC8050F7DE200A8E303 = {
			fileRef = 4B1E3FB7050F7DE200A8E303;
			isa = PBXBuildFile;
			settings = {
			};
		};
		4B1E3FC9050F7DE200A8E303 = {
			fileRef = 4B1E3FB8050F7DE200A8E303;
			isa = PBXBuildFile;
			settings = {
			};
		};
		4B1E3FCA050F7DE200A8E303 = {
			fileRef = 4B1E3FB9050F7DE200A8E303;
			isa = PBXBuildFile;
			settings = {
			};
		};
		4B1E3FCB050F7DE200A8E303 = {
			fileRef = 4B1E3FBA050F7DE200A8E303;
			isa = PBXBuildFile;
			settings = {
			};
		};
		4B1E3FCC050F7DE200A8E303 = {
			fileRef = 4B1E3FBB050F7DE200A8E303;
			isa = PBXBuildFile;
			settings = {
			};
		};
		4B1E3FCD050F7DE200A8E303 = {
			fileRef = 4B1E3FBC050F7DE200A8E303;
			isa = PBXBuildFile;
			settings = {
			};
		};
		4B1E3FCE050F7DE200A8E303 = {
			fileRef = 4B1E3FBD050F7DE200A8E303;
			isa = PBXBuildFile;
			settings = {
			};
		};
		4B1E3FCF050F7DE200A8E303 = {
			fileRef = 4B1E3FBE050F7DE200A8E303;
			isa = PBXBuildFile;
			settings = {
			};
		};
		4B1E3FD0050F7DE200A8E303 = {
			fileRef = 4B1E3FBF050F7DE200A8E303;
			isa = PBXBuildFile;
			settings = {
			};
		};
		4B1E3FD1050F7DE200A8E303 = {
			fileRef = 4B1E3FC0050F7DE200A8E303;
			isa = PBXBuildFile;
			settings = {
			};
		};
		4B1E3FD2050F7DFD00A8E303 = {
			fileEncoding = 30;
			isa = PBXFileReference;
			lastKnownFileType = text;
			path = TODO;
			refType = 2;
			sourceTree = SOURCE_ROOT;
		};
		4B1E3FD3050F7E0800A8E303 = {
			fileEncoding = 30;
			isa = PBXFileReference;
			lastKnownFileType = text;
			path = THANKS;
			refType = 2;
			sourceTree = SOURCE_ROOT;
		};
		4B1E3FD4050F7E1000A8E303 = {
			fileEncoding = 30;
			isa = PBXFileReference;
			lastKnownFileType = text;
			path = README;
			refType = 2;
			sourceTree = SOURCE_ROOT;
		};
		4B1E3FD5050F7E1A00A8E303 = {
			fileEncoding = 30;
			isa = PBXFileReference;
			lastKnownFileType = text;
			name = zcode.ops;
			path = src/zcode.ops;
			refType = 2;
			sourceTree = SOURCE_ROOT;
		};
		4B1E3FD6050F7E3100A8E303 = {
			fileEncoding = 30;
			isa = PBXFileReference;
			lastKnownFileType = text.script.sh;
			name = build_files.sh;
			path = ProjectBuilder/build_files.sh;
			refType = 2;
			sourceTree = SOURCE_ROOT;
		};
		4B1E3FD7050F7E3100A8E303 = {
			fileEncoding = 30;
			isa = PBXFileReference;
			lastKnownFileType = sourcecode.c.h;
			name = config.h;
			path = ProjectBuilder/config.h;
			refType = 2;
			sourceTree = SOURCE_ROOT;
		};
		4B1E3FD8050F7E3800A8E303 = {
			fileRef = 4B1E3FD7050F7E3100A8E303;
			isa = PBXBuildFile;
			settings = {
			};
		};
		4B1E3FD9050F7E4300A8E303 = {
			fileEncoding = 30;
			isa = PBXFileReference;
			lastKnownFileType = sourcecode.c.h;
			name = ztypes.h;
			path = ProjectBuilder/etc/ztypes.h;
			refType = 2;
			sourceTree = SOURCE_ROOT;
		};
		4B1E3FDA050F7E4300A8E303 = {
			fileRef = 4B1E3FD9050F7E4300A8E303;
			isa = PBXBuildFile;
			settings = {
			};
		};
		4B1E3FDB050F7E6F00A8E303 = {
			children = (
				4BCF3F27050F8BB200A8E303,
				4BCF3F29050F8E0000A8E303,
				4BCF3F2F050F9E8F00A8E303,
				4BCF3F30050F9E8F00A8E303,
				4BCF3F33050FAE5700A8E303,
				4BCF3F34050FAE5700A8E303,
				4B4EF620050FD66E00A8E303,
				4BE447B80510DE5900A8E303,
			);
			isa = PBXGroup;
			name = ZoomCocoa;
			path = zoomCocoa;
			refType = 4;
			sourceTree = "<group>";
		};
		4B1E3FDE050F80BB00A8E303 = {
			fileRef = 4B1E3F83050F7CC500A8E303;
			isa = PBXBuildFile;
			settings = {
			};
		};
		4B1E3FDF050F80BC00A8E303 = {
			fileRef = 4B1E3F82050F7CC500A8E303;
			isa = PBXBuildFile;
			settings = {
			};
		};
		4B1E3FE0050F80BC00A8E303 = {
			fileRef = 4B1E3F81050F7CC500A8E303;
			isa = PBXBuildFile;
			settings = {
			};
		};
		4B1E3FE1050F80BC00A8E303 = {
			fileRef = 4B1E3F80050F7CC500A8E303;
			isa = PBXBuildFile;
			settings = {
			};
		};
		4B23C64E053C9C8C00A8E303 = {
			fileEncoding = 4;
			isa = PBXFileReference;
			lastKnownFileType = sourcecode.c.h;
			path = ZoomAppDelegate.h;
			refType = 4;
			sourceTree = "<group>";
		};
		4B23C64F053C9C8C00A8E303 = {
			fileEncoding = 4;
			isa = PBXFileReference;
			lastKnownFileType = sourcecode.c.objc;
			path = ZoomAppDelegate.m;
			refType = 4;
			sourceTree = "<group>";
		};
		4B23C650053C9C8C00A8E303 = {
			fileRef = 4B23C64E053C9C8C00A8E303;
			isa = PBXBuildFile;
			settings = {
			};
		};
		4B23C651053C9C8C00A8E303 = {
			fileRef = 4B23C64F053C9C8C00A8E303;
			isa = PBXBuildFile;
			settings = {
			};
		};
		4B2D95C9053706CD00A8E303 = {
			fileEncoding = 4;
			isa = PBXFileReference;
			lastKnownFileType = sourcecode.c.h;
			path = ZoomScrollView.h;
			refType = 4;
			sourceTree = "<group>";
		};
		4B2D95CA053706CD00A8E303 = {
			fileEncoding = 4;
			isa = PBXFileReference;
			lastKnownFileType = sourcecode.c.objc;
			path = ZoomScrollView.m;
			refType = 4;
			sourceTree = "<group>";
		};
		4B2D95CB053706CD00A8E303 = {
			fileRef = 4B2D95C9053706CD00A8E303;
			isa = PBXBuildFile;
			settings = {
				ATTRIBUTES = (
					Public,
				);
			};
		};
		4B2D95CC053706CD00A8E303 = {
			fileRef = 4B2D95CA053706CD00A8E303;
			isa = PBXBuildFile;
			settings = {
			};
		};
		4B2D95CD0537071400A8E303 = {
			fileRef = 4B2D95C9053706CD00A8E303;
			isa = PBXBuildFile;
			settings = {
			};
		};
		4B2D95CE05372EF900A8E303 = {
			fileEncoding = 4;
			isa = PBXFileReference;
			lastKnownFileType = sourcecode.c.h;
			path = ZoomUpperWindowView.h;
			refType = 4;
			sourceTree = "<group>";
		};
		4B2D95CF05372EF900A8E303 = {
			fileEncoding = 4;
			isa = PBXFileReference;
			lastKnownFileType = sourcecode.c.objc;
			path = ZoomUpperWindowView.m;
			refType = 4;
			sourceTree = "<group>";
		};
		4B2D95D005372EF900A8E303 = {
			fileRef = 4B2D95CE05372EF900A8E303;
			isa = PBXBuildFile;
			settings = {
				ATTRIBUTES = (
					Public,
				);
			};
		};
		4B2D95D105372EF900A8E303 = {
			fileRef = 4B2D95CF05372EF900A8E303;
			isa = PBXBuildFile;
			settings = {
			};
		};
		4B2D95D205372EFB00A8E303 = {
			fileRef = 4B2D95CE05372EF900A8E303;
			isa = PBXBuildFile;
			settings = {
			};
		};
		4B2EAF9905B056EC0021A5E6 = {
			isa = PBXFileReference;
			lastKnownFileType = wrapper.nib;
			path = GameInfo.nib;
			refType = 4;
			sourceTree = "<group>";
		};
		4B2EAF9A05B056EC0021A5E6 = {
			fileRef = 4B2EAF9905B056EC0021A5E6;
			isa = PBXBuildFile;
			settings = {
			};
		};
		4B2EAFAD05B08D1E0021A5E6 = {
			fileEncoding = 30;
			isa = PBXFileReference;
			lastKnownFileType = sourcecode.c.h;
			path = ZoomGameInfoController.h;
			refType = 4;
			sourceTree = "<group>";
		};
		4B2EAFAE05B08D1E0021A5E6 = {
			fileEncoding = 30;
			isa = PBXFileReference;
			lastKnownFileType = sourcecode.c.objc;
			path = ZoomGameInfoController.m;
			refType = 4;
			sourceTree = "<group>";
		};
		4B2EAFAF05B08D1E0021A5E6 = {
			fileRef = 4B2EAFAD05B08D1E0021A5E6;
			isa = PBXBuildFile;
			settings = {
			};
		};
		4B2EAFB005B08D1E0021A5E6 = {
			fileRef = 4B2EAFAE05B08D1E0021A5E6;
			isa = PBXBuildFile;
			settings = {
			};
		};
		4B2EAFB105B08D2F0021A5E6 = {
			children = (
				4B2EAFAD05B08D1E0021A5E6,
				4B2EAFAE05B08D1E0021A5E6,
			);
			isa = PBXGroup;
			name = Metadata;
			refType = 4;
			sourceTree = "<group>";
		};
		4B3C675B05566FE200764D1A = {
			containerPortal = 4B1E3F4B050F7AD000A8E303;
			isa = PBXContainerItemProxy;
			proxyType = 1;
			remoteGlobalIDString = 4B1E3F79050F7C3900A8E303;
			remoteInfo = Builder;
		};
		4B3C675C05566FE200764D1A = {
			containerPortal = 4B1E3F4B050F7AD000A8E303;
			isa = PBXContainerItemProxy;
			proxyType = 1;
			remoteGlobalIDString = 4B1E3F67050F7BB700A8E303;
			remoteInfo = Interpreter;
		};
		4B3C675D05566FE200764D1A = {
			containerPortal = 4B1E3F4B050F7AD000A8E303;
			isa = PBXContainerItemProxy;
			proxyType = 1;
			remoteGlobalIDString = 4B1E3F79050F7C3900A8E303;
			remoteInfo = Builder;
		};
		4B3C675E05566FE200764D1A = {
			containerPortal = 4B1E3F4B050F7AD000A8E303;
			isa = PBXContainerItemProxy;
			proxyType = 1;
			remoteGlobalIDString = 4B1E3F5B050F7B2500A8E303;
			remoteInfo = ZoomServer;
		};
		4B3C675F05566FE200764D1A = {
			containerPortal = 4B1E3F4B050F7AD000A8E303;
			isa = PBXContainerItemProxy;
			proxyType = 1;
			remoteGlobalIDString = 4BDFA4B90535E64900A8E303;
			remoteInfo = ZoomView;
		};
		4B418DC30594FB97009C44DE = {
			fileEncoding = 4;
			isa = PBXFileReference;
			lastKnownFileType = sourcecode.c.h;
			path = ZoomPreferenceWindow.h;
			refType = 4;
			sourceTree = "<group>";
		};
		4B418DC40594FB97009C44DE = {
			fileEncoding = 4;
			isa = PBXFileReference;
			lastKnownFileType = sourcecode.c.objc;
			path = ZoomPreferenceWindow.m;
			refType = 4;
			sourceTree = "<group>";
		};
		4B418DC50594FB97009C44DE = {
			fileRef = 4B418DC30594FB97009C44DE;
			isa = PBXBuildFile;
			settings = {
			};
		};
		4B418DC60594FB97009C44DE = {
			fileRef = 4B418DC40594FB97009C44DE;
			isa = PBXBuildFile;
			settings = {
			};
		};
		4B418DE40594FC3B009C44DE = {
			isa = PBXFileReference;
			lastKnownFileType = image.png;
			path = gameSettings.png;
			refType = 4;
			sourceTree = "<group>";
		};
		4B418DE50594FC3B009C44DE = {
			isa = PBXFileReference;
			lastKnownFileType = image.png;
			path = fontSettings.png;
			refType = 4;
			sourceTree = "<group>";
		};
		4B418DE60594FC3B009C44DE = {
			isa = PBXFileReference;
			lastKnownFileType = image.png;
			path = generalSettings.png;
			refType = 4;
			sourceTree = "<group>";
		};
		4B418DE70594FC3B009C44DE = {
			isa = PBXFileReference;
			lastKnownFileType = image.png;
			path = colourSettings.png;
			refType = 4;
			sourceTree = "<group>";
		};
		4B418DE80594FC3B009C44DE = {
			fileRef = 4B418DE40594FC3B009C44DE;
			isa = PBXBuildFile;
			settings = {
			};
		};
		4B418DE90594FC3B009C44DE = {
			fileRef = 4B418DE50594FC3B009C44DE;
			isa = PBXBuildFile;
			settings = {
			};
		};
		4B418DEA0594FC3B009C44DE = {
			fileRef = 4B418DE60594FC3B009C44DE;
			isa = PBXBuildFile;
			settings = {
			};
		};
		4B418DEB0594FC3B009C44DE = {
			fileRef = 4B418DE70594FC3B009C44DE;
			isa = PBXBuildFile;
			settings = {
			};
		};
		4B418E140594FCDB009C44DE = {
			isa = PBXFileReference;
			lastKnownFileType = wrapper.nib;
			path = Preferences.nib;
			refType = 4;
			sourceTree = "<group>";
		};
		4B418E150594FCDB009C44DE = {
			fileRef = 4B418E140594FCDB009C44DE;
			isa = PBXBuildFile;
			settings = {
			};
		};
		4B418ED805961D2C009C44DE = {
			fileEncoding = 4;
			isa = PBXFileReference;
			lastKnownFileType = sourcecode.c.h;
			path = ZoomPreferences.h;
			refType = 4;
			sourceTree = "<group>";
		};
		4B418ED905961D2C009C44DE = {
			fileEncoding = 4;
			isa = PBXFileReference;
			lastKnownFileType = sourcecode.c.objc;
			path = ZoomPreferences.m;
			refType = 4;
			sourceTree = "<group>";
		};
		4B418EDD05961E0F009C44DE = {
			fileRef = 4B418ED805961D2C009C44DE;
			isa = PBXBuildFile;
			settings = {
				ATTRIBUTES = (
					Public,
				);
			};
		};
		4B418EDE05961E0F009C44DE = {
			fileRef = 4B418ED905961D2C009C44DE;
			isa = PBXBuildFile;
			settings = {
			};
		};
		4B418EDF05961E4B009C44DE = {
			fileRef = 4B418ED805961D2C009C44DE;
			isa = PBXBuildFile;
			settings = {
			};
		};
		4B4EF61C050FCEA600A8E303 = {
			buildActionMask = 2147483647;
			dstPath = "";
			dstSubfolderSpec = 7;
			files = (
				4B4EF61D050FCEAE00A8E303,
				4BACEA6605B43C1E00A9B6DC,
			);
			isa = PBXCopyFilesBuildPhase;
			runOnlyForDeploymentPostprocessing = 0;
		};
		4B4EF61D050FCEAE00A8E303 = {
			fileRef = 4B1E3F5C050F7B2500A8E303;
			isa = PBXBuildFile;
			settings = {
			};
		};
		4B4EF620050FD66E00A8E303 = {
			fileEncoding = 4;
			isa = PBXFileReference;
			lastKnownFileType = sourcecode.c.objc;
			path = ZFiles.m;
			refType = 4;
			sourceTree = "<group>";
		};
		4B4EF622050FD67C00A8E303 = {
			fileRef = 4B4EF620050FD66E00A8E303;
			isa = PBXBuildFile;
			settings = {
			};
		};
		4B4EF623050FDC6800A8E303 = {
			fileEncoding = 4;
			isa = PBXFileReference;
			lastKnownFileType = sourcecode.c.h;
			path = ZoomView.h;
			refType = 4;
			sourceTree = "<group>";
		};
		4B4EF624050FDC6800A8E303 = {
			fileEncoding = 4;
			isa = PBXFileReference;
			lastKnownFileType = sourcecode.c.objc;
			path = ZoomView.m;
			refType = 4;
			sourceTree = "<group>";
		};
		4B7D1DAD0534999E00A8E303 = {
			fileEncoding = 4;
			isa = PBXFileReference;
			lastKnownFileType = sourcecode.c.h;
			path = ZoomLowerWindow.h;
			refType = 4;
			sourceTree = "<group>";
		};
		4B7D1DAE0534999E00A8E303 = {
			fileEncoding = 4;
			isa = PBXFileReference;
			lastKnownFileType = sourcecode.c.objc;
			path = ZoomLowerWindow.m;
			refType = 4;
			sourceTree = "<group>";
		};
		4BACE9FA05B428C700A9B6DC = {
			fileEncoding = 4;
			isa = PBXFileReference;
			lastKnownFileType = text.plist.xml;
			name = infocom.xml;
			path = src/infocom.xml;
			refType = 2;
			sourceTree = SOURCE_ROOT;
		};
		4BACE9FB05B428C700A9B6DC = {
			fileRef = 4BACE9FA05B428C700A9B6DC;
			isa = PBXBuildFile;
			settings = {
			};
		};
		4BACEA6605B43C1E00A9B6DC = {
			fileRef = 4BACE9FA05B428C700A9B6DC;
			isa = PBXBuildFile;
			settings = {
			};
		};
		4BCF3F27050F8BB200A8E303 = {
			fileEncoding = 4;
			isa = PBXFileReference;
			lastKnownFileType = sourcecode.c.h;
			path = ZoomProtocol.h;
			refType = 4;
			sourceTree = "<group>";
		};
		4BCF3F28050F8BB200A8E303 = {
			fileRef = 4BCF3F27050F8BB200A8E303;
			isa = PBXBuildFile;
			settings = {
			};
		};
		4BCF3F29050F8E0000A8E303 = {
			fileEncoding = 4;
			isa = PBXFileReference;
			lastKnownFileType = sourcecode.c.objc;
			path = ZoomProtocol.m;
			refType = 4;
			sourceTree = "<group>";
		};
		4BCF3F2A050F8E0000A8E303 = {
			fileRef = 4BCF3F29050F8E0000A8E303;
			isa = PBXBuildFile;
			settings = {
			};
		};
		4BCF3F2B050F8E2400A8E303 = {
			fallbackIsa = PBXFileReference;
			isa = PBXFrameworkReference;
			lastKnownFileType = wrapper.framework;
			name = Foundation.framework;
			path = /System/Library/Frameworks/Foundation.framework;
			refType = 0;
			sourceTree = "<absolute>";
		};
		4BCF3F2C050F8E2400A8E303 = {
			fileRef = 4BCF3F2B050F8E2400A8E303;
			isa = PBXBuildFile;
			settings = {
			};
		};
		4BCF3F2D050F8ECD00A8E303 = {
			fileEncoding = 30;
			isa = PBXFileReference;
			lastKnownFileType = sourcecode.c.h;
			path = display.h;
			refType = 4;
			sourceTree = "<group>";
		};
		4BCF3F2E050F8ECD00A8E303 = {
			fileRef = 4BCF3F2D050F8ECD00A8E303;
			isa = PBXBuildFile;
			settings = {
			};
		};
		4BCF3F2F050F9E8F00A8E303 = {
			fileEncoding = 4;
			isa = PBXFileReference;
			lastKnownFileType = sourcecode.c.h;
			path = ZoomServer.h;
			refType = 4;
			sourceTree = "<group>";
		};
		4BCF3F30050F9E8F00A8E303 = {
			fileEncoding = 4;
			isa = PBXFileReference;
			lastKnownFileType = sourcecode.c.objc;
			path = ZoomServer.m;
			refType = 4;
			sourceTree = "<group>";
		};
		4BCF3F31050F9E8F00A8E303 = {
			fileRef = 4BCF3F2F050F9E8F00A8E303;
			isa = PBXBuildFile;
			settings = {
			};
		};
		4BCF3F32050F9E8F00A8E303 = {
			fileRef = 4BCF3F30050F9E8F00A8E303;
			isa = PBXBuildFile;
			settings = {
			};
		};
		4BCF3F33050FAE5700A8E303 = {
			fileEncoding = 4;
			isa = PBXFileReference;
			lastKnownFileType = sourcecode.c.h;
			path = ZoomZMachine.h;
			refType = 4;
			sourceTree = "<group>";
		};
		4BCF3F34050FAE5700A8E303 = {
			fileEncoding = 4;
			isa = PBXFileReference;
			lastKnownFileType = sourcecode.c.objc;
			path = ZoomZMachine.m;
			refType = 4;
			sourceTree = "<group>";
		};
		4BCF3F35050FAE5700A8E303 = {
			fileRef = 4BCF3F33050FAE5700A8E303;
			isa = PBXBuildFile;
			settings = {
			};
		};
		4BCF3F36050FAE5700A8E303 = {
			fileRef = 4BCF3F34050FAE5700A8E303;
			isa = PBXBuildFile;
			settings = {
			};
		};
		4BCF3F37050FB1B400A8E303 = {
			buildActionMask = 2147483647;
			files = (
				4BCF3F3F050FB1B900A8E303,
				4BDFA4D70535E6A500A8E303,
				4BDFA4D80535E6A600A8E303,
				4BDFA4D90535E6A700A8E303,
				4BDFA4DA0535E6A700A8E303,
				4BDFA4DB0535E6A800A8E303,
				4BDFA4DC0535E6A900A8E303,
				4B2D95CD0537071400A8E303,
				4B2D95D205372EFB00A8E303,
				4BFD6B3C0538A71700A8E303,
				4B23C650053C9C8C00A8E303,
				4B418DC50594FB97009C44DE,
				4B418EDF05961E4B009C44DE,
				4B2EAFAF05B08D1E0021A5E6,
				4BECA81C05B19CFB006840BA,
			);
			isa = PBXHeadersBuildPhase;
			runOnlyForDeploymentPostprocessing = 0;
		};
		4BCF3F38050FB1B400A8E303 = {
			buildActionMask = 2147483647;
			files = (
				4BCF3F47050FB21C00A8E303,
				4BCF3F48050FB21C00A8E303,
				4BCF3F49050FB21C00A8E303,
				4BCF3F4A050FB21C00A8E303,
				4BCF3F52050FB42600A8E303,
				4BCF3F58050FB49F00A8E303,
				4B418DE80594FC3B009C44DE,
				4B418DE90594FC3B009C44DE,
				4B418DEA0594FC3B009C44DE,
				4B418DEB0594FC3B009C44DE,
				4B418E150594FCDB009C44DE,
				4B2EAF9A05B056EC0021A5E6,
				4BACE9FB05B428C700A9B6DC,
			);
			isa = PBXResourcesBuildPhase;
			runOnlyForDeploymentPostprocessing = 0;
		};
		4BCF3F39050FB1B400A8E303 = {
			buildActionMask = 2147483647;
			files = (
				4BCF3F4C050FB2C500A8E303,
				4BDFA4E10535E81300A8E303,
				4BDFA4E20535E85900A8E303,
				4B23C651053C9C8C00A8E303,
				4B418DC60594FB97009C44DE,
				4B2EAFB005B08D1E0021A5E6,
				4BECA80105B19BE1006840BA,
			);
			isa = PBXSourcesBuildPhase;
			runOnlyForDeploymentPostprocessing = 0;
		};
		4BCF3F3A050FB1B400A8E303 = {
			buildActionMask = 2147483647;
			files = (
				4BCF3F4F050FB30100A8E303,
				4BCF3F50050FB30100A8E303,
				4BDFA4DF0535E72C00A8E303,
				4BECA7F805B194AA006840BA,
			);
			isa = PBXFrameworksBuildPhase;
			runOnlyForDeploymentPostprocessing = 0;
		};
		4BCF3F3B050FB1B400A8E303 = {
			buildActionMask = 2147483647;
			files = (
			);
			isa = PBXRezBuildPhase;
			runOnlyForDeploymentPostprocessing = 0;
		};
		4BCF3F3C050FB1B400A8E303 = {
			buildPhases = (
				4BCF3F37050FB1B400A8E303,
				4BCF3F38050FB1B400A8E303,
				4BCF3F39050FB1B400A8E303,
				4BCF3F3A050FB1B400A8E303,
				4BCF3F3B050FB1B400A8E303,
				4B4EF61C050FCEA600A8E303,
				4BDFA4D30535E69000A8E303,
			);
			buildSettings = {
				OPTIMIZATION_CFLAGS = "-O0";
				OTHER_CFLAGS = " -I/usr/local/include -DXMLCALL=\\\"\\\" -DHAVE_COREFOUNDATION";
				OTHER_LDFLAGS = "";
				OTHER_REZFLAGS = "";
				PRODUCT_NAME = Zoom;
				SECTORDER_FLAGS = "";
				WARNING_CFLAGS = "-Wmost -Wno-four-char-constants -Wno-unknown-pragmas";
				WRAPPER_EXTENSION = app;
			};
			dependencies = (
				4BDFA4BB0535E64C00A8E303,
				4BCF3F5D050FB5DD00A8E303,
			);
			isa = PBXApplicationTarget;
			name = Zoom;
			productInstallPath = "$(USER_APPS_DIR)";
			productName = Zoom;
			productReference = 4BCF3F3D050FB1B400A8E303;
			productSettingsXML = "<?xml version=\"1.0\" encoding=\"UTF-8\"?>
<!DOCTYPE plist PUBLIC \"-//Apple Computer//DTD PLIST 1.0//EN\" \"http://www.apple.com/DTDs/PropertyList-1.0.dtd\">
<plist version=\"1.0\">
<dict>
	<key>CFBundleDevelopmentRegion</key>
	<string>English</string>
	<key>CFBundleDocumentTypes</key>
	<array>
		<dict>
			<key>CFBundleTypeExtensions</key>
			<array>
				<string>z3</string>
				<string>z4</string>
				<string>z5</string>
				<string>z6</string>
				<string>z7</string>
				<string>z8</string>
			</array>
			<key>CFBundleTypeIconFile</key>
			<string>zoom-game.icns</string>
			<key>CFBundleTypeName</key>
			<string>ZCode file</string>
			<key>CFBundleTypeOSTypes</key>
			<array>
				<string>ZCOD</string>
			</array>
			<key>CFBundleTypeRole</key>
			<string>Editor</string>
			<key>NSDocumentClass</key>
			<string>ZoomClient</string>
		</dict>
		<dict>
			<key>CFBundleTypeExtensions</key>
			<array>
				<string>qut</string>
			</array>
			<key>CFBundleTypeIconFile</key>
			<string>zoom-file.icns</string>
			<key>CFBundleTypeName</key>
			<string>Quetzal saved game</string>
			<key>CFBundleTypeOSTypes</key>
			<array>
				<string>IFZS</string>
			</array>
			<key>CFBundleTypeRole</key>
			<string>Viewer</string>
			<key>NSDocumentClass</key>
			<string>ZoomClient</string>
		</dict>
		<dict>
			<key>CFBundleTypeExtensions</key>
			<array>
				<string>blb</string>
			</array>
			<key>CFBundleTypeName</key>
			<string>Blorb resource file</string>
			<key>CFBundleTypeOSTypes</key>
			<array>
				<string>IFRS</string>
			</array>
			<key>CFBundleTypeRole</key>
			<string>Viewer</string>
			<key>NSDocumentClass</key>
			<string>ZoomClient</string>
		</dict>
		<dict>
			<key>CFBundleTypeExtensions</key>
			<array>
				<string>zlb</string>
			</array>
			<key>CFBundleTypeName</key>
			<string>Z-Code blorb resource file</string>
			<key>CFBundleTypeRole</key>
			<string>Viewer</string>
			<key>NSDocumentClass</key>
			<string>ZoomClient</string>
		</dict>
	</array>
	<key>CFBundleExecutable</key>
	<string>Zoom</string>
	<key>CFBundleGetInfoString</key>
	<string></string>
	<key>CFBundleIconFile</key>
	<string>zoom-app.icns</string>
	<key>CFBundleIdentifier</key>
	<string>uk.org.logicalshift.zoom</string>
	<key>CFBundleInfoDictionaryVersion</key>
	<string>6.0</string>
	<key>CFBundleName</key>
	<string></string>
	<key>CFBundlePackageType</key>
	<string>APPL</string>
	<key>CFBundleShortVersionString</key>
	<string></string>
	<key>CFBundleSignature</key>
	<string>YZZY</string>
	<key>CFBundleVersion</key>
	<string>1.0.2alpha1</string>
	<key>NSMainNibFile</key>
	<string>MainMenu.nib</string>
	<key>NSPrincipalClass</key>
	<string>NSApplication</string>
</dict>
</plist>
";
		};
		4BCF3F3D050FB1B400A8E303 = {
			explicitFileType = wrapper.application;
			fallbackIsa = PBXFileReference;
			isa = PBXApplicationReference;
			path = Zoom.app;
			refType = 3;
			sourceTree = BUILT_PRODUCTS_DIR;
		};
		4BCF3F3F050FB1B900A8E303 = {
			fileRef = 4BCF3F27050F8BB200A8E303;
			isa = PBXBuildFile;
			settings = {
			};
		};
		4BCF3F41050FB1C300A8E303 = {
			children = (
				4BCF3F4B050FB2C500A8E303,
				4BCF3F53050FB47200A8E303,
				4BCF3F54050FB47200A8E303,
				4BCF3F59050FB57A00A8E303,
				4BCF3F5A050FB57A00A8E303,
				4B23C64E053C9C8C00A8E303,
				4B23C64F053C9C8C00A8E303,
				4B418DC30594FB97009C44DE,
				4B418DC40594FB97009C44DE,
				4B2EAFB105B08D2F0021A5E6,
				4BDFA4E80535E9DE00A8E303,
			);
			isa = PBXGroup;
			name = ZoomClient;
			path = src/zoomCocoa;
			refType = 2;
			sourceTree = SOURCE_ROOT;
		};
		4BCF3F42050FB1D800A8E303 = {
			children = (
				4BCF3F43050FB21C00A8E303,
				4BCF3F44050FB21C00A8E303,
				4BCF3F45050FB21C00A8E303,
				4BCF3F46050FB21C00A8E303,
				4B418DE40594FC3B009C44DE,
				4B418DE50594FC3B009C44DE,
				4B418DE60594FC3B009C44DE,
				4B418DE70594FC3B009C44DE,
				4BCF3F51050FB42600A8E303,
				4BCF3F57050FB49F00A8E303,
				4B418E140594FCDB009C44DE,
				4B2EAF9905B056EC0021A5E6,
			);
			isa = PBXGroup;
			name = Resources;
			path = src/zoomCocoa;
			refType = 2;
			sourceTree = SOURCE_ROOT;
		};
		4BCF3F43050FB21C00A8E303 = {
			isa = PBXFileReference;
			lastKnownFileType = image.icns;
			name = "zoom-app.icns";
			path = "../macos/zoom-app.icns";
			refType = 4;
			sourceTree = "<group>";
		};
		4BCF3F44050FB21C00A8E303 = {
			isa = PBXFileReference;
			lastKnownFileType = text.rtf;
			name = macreadme.rtf;
			path = ../macos/macreadme.rtf;
			refType = 4;
			sourceTree = "<group>";
		};
		4BCF3F45050FB21C00A8E303 = {
			isa = PBXFileReference;
			lastKnownFileType = image.icns;
			name = "zoom-file.icns";
			path = "../macos/zoom-file.icns";
			refType = 4;
			sourceTree = "<group>";
		};
		4BCF3F46050FB21C00A8E303 = {
			isa = PBXFileReference;
			lastKnownFileType = image.icns;
			name = "zoom-game.icns";
			path = "../macos/zoom-game.icns";
			refType = 4;
			sourceTree = "<group>";
		};
		4BCF3F47050FB21C00A8E303 = {
			fileRef = 4BCF3F43050FB21C00A8E303;
			isa = PBXBuildFile;
			settings = {
			};
		};
		4BCF3F48050FB21C00A8E303 = {
			fileRef = 4BCF3F44050FB21C00A8E303;
			isa = PBXBuildFile;
			settings = {
			};
		};
		4BCF3F49050FB21C00A8E303 = {
			fileRef = 4BCF3F45050FB21C00A8E303;
			isa = PBXBuildFile;
			settings = {
			};
		};
		4BCF3F4A050FB21C00A8E303 = {
			fileRef = 4BCF3F46050FB21C00A8E303;
			isa = PBXBuildFile;
			settings = {
			};
		};
		4BCF3F4B050FB2C500A8E303 = {
			fileEncoding = 4;
			isa = PBXFileReference;
			lastKnownFileType = sourcecode.c.objc;
			path = main.m;
			refType = 4;
			sourceTree = "<group>";
		};
		4BCF3F4C050FB2C500A8E303 = {
			fileRef = 4BCF3F4B050FB2C500A8E303;
			isa = PBXBuildFile;
			settings = {
			};
		};
		4BCF3F4F050FB30100A8E303 = {
			fileRef = 4B1E3F60050F7BA000A8E303;
			isa = PBXBuildFile;
			settings = {
			};
		};
		4BCF3F50050FB30100A8E303 = {
			fileRef = 4BCF3F2B050F8E2400A8E303;
			isa = PBXBuildFile;
			settings = {
			};
		};
		4BCF3F51050FB42600A8E303 = {
			isa = PBXFileReference;
			lastKnownFileType = wrapper.nib;
			path = MainMenu.nib;
			refType = 4;
			sourceTree = "<group>";
		};
		4BCF3F52050FB42600A8E303 = {
			fileRef = 4BCF3F51050FB42600A8E303;
			isa = PBXBuildFile;
			settings = {
			};
		};
		4BCF3F53050FB47200A8E303 = {
			fileEncoding = 4;
			isa = PBXFileReference;
			lastKnownFileType = sourcecode.c.h;
			path = ZoomClient.h;
			refType = 4;
			sourceTree = "<group>";
		};
		4BCF3F54050FB47200A8E303 = {
			fileEncoding = 4;
			isa = PBXFileReference;
			lastKnownFileType = sourcecode.c.objc;
			path = ZoomClient.m;
			refType = 4;
			sourceTree = "<group>";
		};
		4BCF3F57050FB49F00A8E303 = {
			isa = PBXFileReference;
			lastKnownFileType = wrapper.nib;
			path = ZoomClient.nib;
			refType = 4;
			sourceTree = "<group>";
		};
		4BCF3F58050FB49F00A8E303 = {
			fileRef = 4BCF3F57050FB49F00A8E303;
			isa = PBXBuildFile;
			settings = {
			};
		};
		4BCF3F59050FB57A00A8E303 = {
			fileEncoding = 4;
			isa = PBXFileReference;
			lastKnownFileType = sourcecode.c.h;
			path = ZoomClientController.h;
			refType = 4;
			sourceTree = "<group>";
		};
		4BCF3F5A050FB57A00A8E303 = {
			fileEncoding = 4;
			isa = PBXFileReference;
			lastKnownFileType = sourcecode.c.objc;
			path = ZoomClientController.m;
			refType = 4;
			sourceTree = "<group>";
		};
		4BCF3F5D050FB5DD00A8E303 = {
			isa = PBXTargetDependency;
			target = 4B1E3F5B050F7B2500A8E303;
			targetProxy = 4B3C675E05566FE200764D1A;
		};
		4BCF3F5E050FBAAF00A8E303 = {
			fileEncoding = 30;
			isa = PBXFileReference;
			lastKnownFileType = sourcecode.c.c;
			path = v6display.c;
			refType = 4;
			sourceTree = "<group>";
		};
		4BCF3F5F050FBAAF00A8E303 = {
			fileEncoding = 30;
			isa = PBXFileReference;
			lastKnownFileType = sourcecode.c.h;
			path = v6display.h;
			refType = 4;
			sourceTree = "<group>";
		};
		4BCF3F60050FBAAF00A8E303 = {
			fileRef = 4BCF3F5E050FBAAF00A8E303;
			isa = PBXBuildFile;
			settings = {
			};
		};
		4BCF3F61050FBAAF00A8E303 = {
			fileRef = 4BCF3F5F050FBAAF00A8E303;
			isa = PBXBuildFile;
			settings = {
			};
		};
		4BCF3F62050FBB3F00A8E303 = {
			fileEncoding = 30;
			isa = PBXFileReference;
			lastKnownFileType = sourcecode.c.h;
			path = image.h;
			refType = 4;
			sourceTree = "<group>";
		};
		4BCF3F63050FBB3F00A8E303 = {
			fileRef = 4BCF3F62050FBB3F00A8E303;
			isa = PBXBuildFile;
			settings = {
			};
		};
		4BDFA46305358F1200A8E303 = {
			fileEncoding = 4;
			isa = PBXFileReference;
			lastKnownFileType = sourcecode.c.h;
			path = ZoomUpperWindow.h;
			refType = 4;
			sourceTree = "<group>";
		};
		4BDFA46405358F1200A8E303 = {
			fileEncoding = 4;
			isa = PBXFileReference;
			lastKnownFileType = sourcecode.c.objc;
			path = ZoomUpperWindow.m;
			refType = 4;
			sourceTree = "<group>";
		};
		4BDFA4AC0535C42C00A8E303 = {
			fileEncoding = 4;
			isa = PBXFileReference;
			lastKnownFileType = sourcecode.c.h;
			path = ZoomMoreView.h;
			refType = 4;
			sourceTree = "<group>";
		};
		4BDFA4AD0535C42C00A8E303 = {
			fileEncoding = 4;
			isa = PBXFileReference;
			lastKnownFileType = sourcecode.c.objc;
			path = ZoomMoreView.m;
			refType = 4;
			sourceTree = "<group>";
		};
		4BDFA4B00535E10200A8E303 = {
			fileEncoding = 4;
			isa = PBXFileReference;
			lastKnownFileType = sourcecode.c.h;
			path = ZoomTextView.h;
			refType = 4;
			sourceTree = "<group>";
		};
		4BDFA4B10535E10200A8E303 = {
			fileEncoding = 4;
			isa = PBXFileReference;
			lastKnownFileType = sourcecode.c.objc;
			path = ZoomTextView.m;
			refType = 4;
			sourceTree = "<group>";
		};
		4BDFA4B40535E64900A8E303 = {
			buildActionMask = 2147483647;
			files = (
				4BDFA4BC0535E65500A8E303,
				4BDFA4C20535E65800A8E303,
				4BDFA4C40535E65900A8E303,
				4BDFA4C60535E65A00A8E303,
				4BDFA4C80535E65B00A8E303,
				4BDFA4EA0535EAA500A8E303,
				4B2D95CB053706CD00A8E303,
				4B2D95D005372EF900A8E303,
				4B418EDD05961E0F009C44DE,
			);
			isa = PBXHeadersBuildPhase;
			runOnlyForDeploymentPostprocessing = 0;
		};
		4BDFA4B50535E64900A8E303 = {
			buildActionMask = 2147483647;
			files = (
			);
			isa = PBXResourcesBuildPhase;
			runOnlyForDeploymentPostprocessing = 0;
		};
		4BDFA4B60535E64900A8E303 = {
			buildActionMask = 2147483647;
			files = (
				4BDFA4BD0535E65500A8E303,
				4BDFA4C30535E65800A8E303,
				4BDFA4C50535E65A00A8E303,
				4BDFA4C70535E65B00A8E303,
				4BDFA4C90535E65C00A8E303,
				4BDFA4E90535EAA400A8E303,
				4B2D95CC053706CD00A8E303,
				4B2D95D105372EF900A8E303,
				4B418EDE05961E0F009C44DE,
			);
			isa = PBXSourcesBuildPhase;
			runOnlyForDeploymentPostprocessing = 0;
		};
		4BDFA4B70535E64900A8E303 = {
			buildActionMask = 2147483647;
			files = (
				4BDFA4DD0535E6BE00A8E303,
				4BDFA4DE0535E6BE00A8E303,
			);
			isa = PBXFrameworksBuildPhase;
			runOnlyForDeploymentPostprocessing = 0;
		};
		4BDFA4B90535E64900A8E303 = {
			buildPhases = (
				4BDFA4B40535E64900A8E303,
				4BDFA4B50535E64900A8E303,
				4BDFA4B60535E64900A8E303,
				4BDFA4B70535E64900A8E303,
			);
			buildSettings = {
				DYLIB_COMPATIBILITY_VERSION = 1;
				DYLIB_CURRENT_VERSION = 1;
				FRAMEWORK_VERSION = A;
				INSTALL_PATH = "@executable_path/../Frameworks";
				OTHER_CFLAGS = "-seg1addr 0x2f000000";
				OTHER_LDFLAGS = "-seg1addr 0x2f000000";
				OTHER_LIBTOOL_FLAGS = "";
				OTHER_REZFLAGS = "";
				PRINCIPAL_CLASS = "";
				PRODUCT_NAME = ZoomView;
				SECTORDER_FLAGS = "";
				SKIP_INSTALL = YES;
				WARNING_CFLAGS = "-Wmost -Wno-four-char-constants -Wno-unknown-pragmas";
				WRAPPER_EXTENSION = framework;
			};
			dependencies = (
			);
			isa = PBXFrameworkTarget;
			name = ZoomView;
			productInstallPath = "@executable_path/../Frameworks";
			productName = ZoomView;
			productReference = 4BDFA4BA0535E64900A8E303;
			productSettingsXML = "<?xml version=\"1.0\" encoding=\"UTF-8\"?>
<!DOCTYPE plist PUBLIC \"-//Apple Computer//DTD PLIST 1.0//EN\" \"http://www.apple.com/DTDs/PropertyList-1.0.dtd\">
<plist version=\"1.0\">
<dict>
	<key>CFBundleDevelopmentRegion</key>
	<string>English</string>
	<key>CFBundleExecutable</key>
	<string></string>
	<key>CFBundleGetInfoString</key>
	<string></string>
	<key>CFBundleIconFile</key>
	<string></string>
	<key>CFBundleIdentifier</key>
	<string></string>
	<key>CFBundleInfoDictionaryVersion</key>
	<string>6.0</string>
	<key>CFBundlePackageType</key>
	<string>FMWK</string>
	<key>CFBundleShortVersionString</key>
	<string></string>
	<key>CFBundleSignature</key>
	<string>????</string>
	<key>CFBundleVersion</key>
	<string>0.0.1d1</string>
</dict>
</plist>
";
		};
		4BDFA4BA0535E64900A8E303 = {
			explicitFileType = wrapper.framework;
			fallbackIsa = PBXFileReference;
			isa = PBXFrameworkReference;
			path = ZoomView.framework;
			refType = 3;
			sourceTree = BUILT_PRODUCTS_DIR;
		};
		4BDFA4BB0535E64C00A8E303 = {
			isa = PBXTargetDependency;
			target = 4BDFA4B90535E64900A8E303;
			targetProxy = 4B3C675F05566FE200764D1A;
		};
		4BDFA4BC0535E65500A8E303 = {
			fileRef = 4B4EF623050FDC6800A8E303;
			isa = PBXBuildFile;
			settings = {
				ATTRIBUTES = (
					Public,
				);
			};
		};
		4BDFA4BD0535E65500A8E303 = {
			fileRef = 4B4EF624050FDC6800A8E303;
			isa = PBXBuildFile;
			settings = {
			};
		};
		4BDFA4C20535E65800A8E303 = {
			fileRef = 4B7D1DAD0534999E00A8E303;
			isa = PBXBuildFile;
			settings = {
				ATTRIBUTES = (
					Public,
				);
			};
		};
		4BDFA4C30535E65800A8E303 = {
			fileRef = 4B7D1DAE0534999E00A8E303;
			isa = PBXBuildFile;
			settings = {
			};
		};
		4BDFA4C40535E65900A8E303 = {
			fileRef = 4BDFA46305358F1200A8E303;
			isa = PBXBuildFile;
			settings = {
				ATTRIBUTES = (
					Public,
				);
			};
		};
		4BDFA4C50535E65A00A8E303 = {
			fileRef = 4BDFA46405358F1200A8E303;
			isa = PBXBuildFile;
			settings = {
			};
		};
		4BDFA4C60535E65A00A8E303 = {
			fileRef = 4BDFA4AC0535C42C00A8E303;
			isa = PBXBuildFile;
			settings = {
				ATTRIBUTES = (
					Public,
				);
			};
		};
		4BDFA4C70535E65B00A8E303 = {
			fileRef = 4BDFA4AD0535C42C00A8E303;
			isa = PBXBuildFile;
			settings = {
			};
		};
		4BDFA4C80535E65B00A8E303 = {
			fileRef = 4BDFA4B00535E10200A8E303;
			isa = PBXBuildFile;
			settings = {
				ATTRIBUTES = (
					Public,
				);
			};
		};
		4BDFA4C90535E65C00A8E303 = {
			fileRef = 4BDFA4B10535E10200A8E303;
			isa = PBXBuildFile;
			settings = {
			};
		};
		4BDFA4D30535E69000A8E303 = {
			buildActionMask = 2147483647;
			dstPath = "";
			dstSubfolderSpec = 10;
			files = (
				4BDFA4D50535E69A00A8E303,
			);
			isa = PBXCopyFilesBuildPhase;
			runOnlyForDeploymentPostprocessing = 0;
		};
		4BDFA4D50535E69A00A8E303 = {
			fileRef = 4BDFA4BA0535E64900A8E303;
			isa = PBXBuildFile;
			settings = {
			};
		};
		4BDFA4D70535E6A500A8E303 = {
			fileRef = 4BCF3F59050FB57A00A8E303;
			isa = PBXBuildFile;
			settings = {
			};
		};
		4BDFA4D80535E6A600A8E303 = {
			fileRef = 4BCF3F53050FB47200A8E303;
			isa = PBXBuildFile;
			settings = {
			};
		};
		4BDFA4D90535E6A700A8E303 = {
			fileRef = 4B7D1DAD0534999E00A8E303;
			isa = PBXBuildFile;
			settings = {
			};
		};
		4BDFA4DA0535E6A700A8E303 = {
			fileRef = 4BDFA46305358F1200A8E303;
			isa = PBXBuildFile;
			settings = {
			};
		};
		4BDFA4DB0535E6A800A8E303 = {
			fileRef = 4BDFA4AC0535C42C00A8E303;
			isa = PBXBuildFile;
			settings = {
			};
		};
		4BDFA4DC0535E6A900A8E303 = {
			fileRef = 4BDFA4B00535E10200A8E303;
			isa = PBXBuildFile;
			settings = {
			};
		};
		4BDFA4DD0535E6BE00A8E303 = {
			fileRef = 4B1E3F60050F7BA000A8E303;
			isa = PBXBuildFile;
			settings = {
			};
		};
		4BDFA4DE0535E6BE00A8E303 = {
			fileRef = 4BCF3F2B050F8E2400A8E303;
			isa = PBXBuildFile;
			settings = {
			};
		};
		4BDFA4DF0535E72C00A8E303 = {
			fileRef = 4BDFA4BA0535E64900A8E303;
			isa = PBXBuildFile;
			settings = {
			};
		};
		4BDFA4E10535E81300A8E303 = {
			fileRef = 4BCF3F5A050FB57A00A8E303;
			isa = PBXBuildFile;
			settings = {
			};
		};
		4BDFA4E20535E85900A8E303 = {
			fileRef = 4BCF3F54050FB47200A8E303;
			isa = PBXBuildFile;
			settings = {
			};
		};
		4BDFA4E80535E9DE00A8E303 = {
			children = (
				4B418ED805961D2C009C44DE,
				4B418ED905961D2C009C44DE,
				4B4EF623050FDC6800A8E303,
				4B4EF624050FDC6800A8E303,
				4B7D1DAD0534999E00A8E303,
				4B7D1DAE0534999E00A8E303,
				4BDFA46305358F1200A8E303,
				4BDFA46405358F1200A8E303,
				4BDFA4AC0535C42C00A8E303,
				4BDFA4AD0535C42C00A8E303,
				4BDFA4B00535E10200A8E303,
				4BDFA4B10535E10200A8E303,
				4B2D95C9053706CD00A8E303,
				4B2D95CA053706CD00A8E303,
				4B2D95CE05372EF900A8E303,
				4B2D95CF05372EF900A8E303,
			);
			isa = PBXGroup;
			name = ZoomView;
			refType = 4;
			sourceTree = "<group>";
		};
		4BDFA4E90535EAA400A8E303 = {
			fileRef = 4BCF3F29050F8E0000A8E303;
			isa = PBXBuildFile;
			settings = {
			};
		};
		4BDFA4EA0535EAA500A8E303 = {
			fileRef = 4BCF3F27050F8BB200A8E303;
			isa = PBXBuildFile;
			settings = {
				ATTRIBUTES = (
					Public,
				);
			};
		};
		4BE447B80510DE5900A8E303 = {
			fileEncoding = 4;
			isa = PBXFileReference;
			lastKnownFileType = sourcecode.c.objc;
			path = ZDisplay.m;
			refType = 4;
			sourceTree = "<group>";
		};
		4BE447B90510DE5900A8E303 = {
			fileRef = 4BE447B80510DE5900A8E303;
			isa = PBXBuildFile;
			settings = {
			};
		};
		4BE447BA0510E0E000A8E303 = {
			fileEncoding = 30;
			isa = PBXFileReference;
			lastKnownFileType = sourcecode.c.c;
			path = display.c;
			refType = 4;
			sourceTree = "<group>";
		};
		4BECA7F705B194AA006840BA = {
			isa = PBXFileReference;
			lastKnownFileType = archive.ar;
			name = libexpat.a;
			path = /usr/local/lib/libexpat.a;
			refType = 0;
			sourceTree = "<absolute>";
		};
		4BECA7F805B194AA006840BA = {
			fileRef = 4BECA7F705B194AA006840BA;
			isa = PBXBuildFile;
			settings = {
			};
		};
		4BECA7FA05B194AF006840BA = {
			fileRef = 4BECA7F705B194AA006840BA;
			isa = PBXBuildFile;
			settings = {
			};
		};
		4BECA7FF05B19B98006840BA = {
			children = (
				4BECA81B05B19CFB006840BA,
				4BECA80005B19BE1006840BA,
			);
			isa = PBXGroup;
			name = Metadata;
			path = "";
			refType = 4;
			sourceTree = "<group>";
		};
		4BECA80005B19BE1006840BA = {
			fileEncoding = 4;
			isa = PBXFileReference;
			lastKnownFileType = sourcecode.c.c;
			path = ifmetadata.c;
			refType = 4;
			sourceTree = "<group>";
		};
		4BECA80105B19BE1006840BA = {
			fileRef = 4BECA80005B19BE1006840BA;
			isa = PBXBuildFile;
			settings = {
			};
		};
		4BECA81B05B19CFB006840BA = {
			fileEncoding = 4;
			isa = PBXFileReference;
			lastKnownFileType = sourcecode.c.h;
			path = ifmetadata.h;
			refType = 4;
			sourceTree = "<group>";
		};
		4BECA81C05B19CFB006840BA = {
			fileRef = 4BECA81B05B19CFB006840BA;
			isa = PBXBuildFile;
			settings = {
			};
		};
		4BFD6B3C0538A71700A8E303 = {
			fileRef = 4B4EF623050FDC6800A8E303;
			isa = PBXBuildFile;
			settings = {
			};
		};
	};
	rootObject = 4B1E3F4B050F7AD000A8E303;
}
